<?xml version='1.0' encoding='UTF-8'?>
<Scheme LastUpgradeVersion='1600' version='1.7'>
   <BuildAction parallelizeBuildables='YES' buildImplicitDependencies='YES'>
      <BuildActionEntries>
         <BuildActionEntry buildForTesting='YES' buildForRunning='YES' buildForProfiling='YES' buildForArchiving='YES' buildForAnalyzing='YES'>
            <BuildableReference BuildableIdentifier='primary' BlueprintIdentifier='BEAF5C29F3D0080C00282152' BuildableName='PREXUS.app' BlueprintName='PREXUS' ReferencedContainer='container:PREXUS.xcodeproj'> </BuildableReference>
         </BuildActionEntry>
      </BuildActionEntries>
   </BuildAction>
   <TestAction buildConfiguration='Debug' selectedDebuggerIdentifier='Xcode.DebuggerFoundation.Debugger.LLDB' selectedLauncherIdentifier='Xcode.DebuggerFoundation.Launcher.LLDB' shouldUseLaunchSchemeArgsEnv='YES'>
      <Testables>
         <TestableReference skipped='NO' parallelizable='YES'>
            <BuildableReference BuildableIdentifier='primary' BlueprintIdentifier='D3D7BA182EA52D35E2BE8E69' BuildableName='PREXUSTests.xctest' BlueprintName='PREXUSTests' ReferencedContainer='container:PREXUS.xcodeproj'> </BuildableReference>
         </TestableReference>
         <TestableReference skipped='NO' parallelizable='NO'>
            <BuildableReference BuildableIdentifier='primary' BlueprintIdentifier='56DF403B451D748568BEA014' BuildableName='PREXUSUITests.xctest' BlueprintName='PREXUSUITests' ReferencedContainer='container:PREXUS.xcodeproj'> </BuildableReference>
         </TestableReference>
      </Testables>
      <MacroExpansion>
         <BuildableReference BuildableIdentifier='primary' BlueprintIdentifier='BEAF5C29F3D0080C00282152' BuildableName='PREXUS.app' BlueprintName='PREXUS' ReferencedContainer='container:PREXUS.xcodeproj'> </BuildableReference>
      </MacroExpansion>
   </TestAction>
   <LaunchAction buildConfiguration='Debug' selectedDebuggerIdentifier='Xcode.DebuggerFoundation.Debugger.LLDB' selectedLauncherIdentifier='Xcode.DebuggerFoundation.Launcher.LLDB' launchStyle='0' useCustomWorkingDirectory='NO' ignoresPersistentStateOnLaunch='NO' debugDocumentVersioning='YES' debugServiceExtension='internal' allowLocationSimulation='YES'>
      <BuildableProductRunnable runnableDebuggingMode='0'>
         <BuildableReference BuildableIdentifier='primary' BlueprintIdentifier='BEAF5C29F3D0080C00282152' BuildableName='PREXUS.app' BlueprintName='PREXUS' ReferencedContainer='container:PREXUS.xcodeproj'> </BuildableReference>
      </BuildableProductRunnable>
   </LaunchAction>
   <ProfileAction buildConfiguration='Release' shouldUseLaunchSchemeArgsEnv='YES' savedToolIdentifier='' useCustomWorkingDirectory='NO' debugDocumentVersioning='YES'>
      <BuildableProductRunnable runnableDebuggingMode='0'>
         <BuildableReference BuildableIdentifier='primary' BlueprintIdentifier='BEAF5C29F3D0080C00282152' BuildableName='PREXUS.app' BlueprintName='PREXUS' ReferencedContainer='container:PREXUS.xcodeproj'> </BuildableReference>
      </BuildableProductRunnable>
   </ProfileAction>
   <AnalyzeAction buildConfiguration='Debug'> </AnalyzeAction>
   <ArchiveAction buildConfiguration='Release' revealArchiveInOrganizer='YES'> </ArchiveAction>
</Scheme>
