// !$*UTF8*$!
{
	archiveVersion = 1;
	classes = {
	};
	objectVersion = 46;
	objects = {

/* Begin PBXBuildFile section */
		0AB50FCE6F57983F59D5EFE0 /* PromptTemplate.swift in Sources */ = {isa = PBXBuildFile; fileRef = 5342CEBB7AD2A335269F419F /* PromptTemplate.swift */; };
		168BEF603AB05CE5A05E824D /* SettingsView.swift in Sources */ = {isa = PBXBuildFile; fileRef = CA2B3C1A741CEA2496147E31 /* SettingsView.swift */; };
		19003E23CB19B8B46F5F1882 /* AudioInputProcessor.swift in Sources */ = {isa = PBXBuildFile; fileRef = 9A3A2D7F074BB57AC5327932 /* AudioInputProcessor.swift */; };
		1AD5CC7CE5292CB351D9E440 /* PREXUSUITests.swift in Sources */ = {isa = PBXBuildFile; fileRef = BC776B16ABA1037F804D1E6A /* PREXUSUITests.swift */; };
		1B94F0DFAFC09F1B4FC2051C /* RuntimeDiagnosticsStore.swift in Sources */ = {isa = PBXBuildFile; fileRef = AA06D05AB15D483060630069 /* RuntimeDiagnosticsStore.swift */; };
		20BE541E282CC1467BE43632 /* RuntimeMessage.swift in Sources */ = {isa = PBXBuildFile; fileRef = E5C666347BEE83BD1E4E6099 /* RuntimeMessage.swift */; };
		22E0BD6CE71DA51C27E55FFA /* Foundation.framework in Frameworks */ = {isa = PBXBuildFile; fileRef = 85E7D529B7BE41DE57771AC6 /* Foundation.framework */; };
		24C46BE204B35C750C14D665 /* EmbeddingProvider.swift in Sources */ = {isa = PBXBuildFile; fileRef = 8298C24342C7D73C54B15E54 /* EmbeddingProvider.swift */; };
		2B0A69667B17EF240CB3DF76 /* APIKeyStore.swift in Sources */ = {isa = PBXBuildFile; fileRef = 19AB003775CD86C24C4CAE14 /* APIKeyStore.swift */; };
		2F8BFCEC978F172B616C9FE1 /* Foundation.framework in Frameworks */ = {isa = PBXBuildFile; fileRef = 85E7D529B7BE41DE57771AC6 /* Foundation.framework */; };
		39292390F562AEC87057C557 /* EscalationCoordinator.swift in Sources */ = {isa = PBXBuildFile; fileRef = 3342020A13F703241FF4C2A8 /* EscalationCoordinator.swift */; };
		3A91CCEA58062B78F80887E2 /* Foundation.framework in Frameworks */ = {isa = PBXBuildFile; fileRef = 85E7D529B7BE41DE57771AC6 /* Foundation.framework */; };
		40B0C3913D19A8FB1B4C79AC /* OCRProcessor.swift in Sources */ = {isa = PBXBuildFile; fileRef = D5A0F7358CBDBC61238B7607 /* OCRProcessor.swift */; };
		41CE3F38B7CC6D8C18E11DC7 /* PREXUSApp.swift in Sources */ = {isa = PBXBuildFile; fileRef = 2EF0272BFC29B069F9343245 /* PREXUSApp.swift */; };
		47366A0744D563BF765A1D1E /* AppSettingsStore.swift in Sources */ = {isa = PBXBuildFile; fileRef = E375BBF0A8A92BAF6B826F92 /* AppSettingsStore.swift */; };
		478BD761229733C13B81A947 /* RuntimeTurnExecutor.swift in Sources */ = {isa = PBXBuildFile; fileRef = 3BCB0E21FA9E9A2AFF5D19B1 /* RuntimeTurnExecutor.swift */; };
		4891DC8BCA57F58FC2E4BB00 /* ChatMessage+Runtime.swift in Sources */ = {isa = PBXBuildFile; fileRef = 9A7B49CDE14F942FB436E3C7 /* ChatMessage+Runtime.swift */; };
		4E2DBA58D4D13CE50989CBF8 /* AppConfig.swift in Sources */ = {isa = PBXBuildFile; fileRef = E2964B7433AC76ADC3EA37D9 /* AppConfig.swift */; };
		4F66BF033550B65FC85E2A01 /* PersistentMemoryStore.swift in Sources */ = {isa = PBXBuildFile; fileRef = 1FDB2924147DB061AF096005 /* PersistentMemoryStore.swift */; };
		56688B700E719B93ADAD4193 /* RuntimeContainer.swift in Sources */ = {isa = PBXBuildFile; fileRef = 517A0C8AEB4A61C9803068A4 /* RuntimeContainer.swift */; };
		6EB72FAE3D2EA7ED469D0143 /* Assets.xcassets in Resources */ = {isa = PBXBuildFile; fileRef = 642FFF3C8885733C408A1B6F /* Assets.xcassets */; };
		7E1AB4D48A7E7A52A45BDCFF /* ChatMessage.swift in Sources */ = {isa = PBXBuildFile; fileRef = 12C8ED4E638A7B3B25E630E6 /* ChatMessage.swift */; };
		80E0CFEAD72547ED3BAA0EC4 /* SensorSignalProvider.swift in Sources */ = {isa = PBXBuildFile; fileRef = 45655305C2A344F44A26EA5E /* SensorSignalProvider.swift */; };
		8241DEE6280326A1BC39A791 /* AppEnvironment.swift in Sources */ = {isa = PBXBuildFile; fileRef = 09394E39642A2CDE031DCAB8 /* AppEnvironment.swift */; };
		8BB8E846A50DB308C074AAA3 /* MemoryRetrieval.swift in Sources */ = {isa = PBXBuildFile; fileRef = E6872857D4CB4D6C410F40A0 /* MemoryRetrieval.swift */; };
		8E82390FF8228433DE2C64E7 /* ChatView.swift in Sources */ = {isa = PBXBuildFile; fileRef = 9751048970303D56E2C7A582 /* ChatView.swift */; };
		8F83C39002615B6CEB50B3B7 /* ProviderAdapter.swift in Sources */ = {isa = PBXBuildFile; fileRef = C3BB44DC26AFD18F267904AC /* ProviderAdapter.swift */; };
		915D98A356F31F5570931D16 /* RuntimeDiagnosticsView.swift in Sources */ = {isa = PBXBuildFile; fileRef = 29397A8ABC813B8F6C7122C0 /* RuntimeDiagnosticsView.swift */; };
		A1A567F6083F15159DFF044A /* MemoryLibraryViewModel.swift in Sources */ = {isa = PBXBuildFile; fileRef = 25C209E1652A967D9772C34D /* MemoryLibraryViewModel.swift */; };
		A7EDEA3817C2CFC006554911 /* ContextCompressor.swift in Sources */ = {isa = PBXBuildFile; fileRef = C1145250F23ED2268BF8B931 /* ContextCompressor.swift */; };
		AC286B129E18D36A5B8722B4 /* RouteDecision.swift in Sources */ = {isa = PBXBuildFile; fileRef = C74CF61CB3F8332C3560C90E /* RouteDecision.swift */; };
		AD553E5E0227750340224426 /* ChatViewModel.swift in Sources */ = {isa = PBXBuildFile; fileRef = B2CD08220143863A2C428B6B /* ChatViewModel.swift */; };
		AD9428CAC2AF90589534254A /* PREXUSTests.swift in Sources */ = {isa = PBXBuildFile; fileRef = 21AD76BA3FBDACF16CDE140B /* PREXUSTests.swift */; };
		B0BEB41ACA99E87973A8B7A2 /* IntentClassifier.swift in Sources */ = {isa = PBXBuildFile; fileRef = 3D80AEC40E718E993F3A5040 /* IntentClassifier.swift */; };
		B584F36EE102CC665C8A3A23 /* MemoryLibraryView.swift in Sources */ = {isa = PBXBuildFile; fileRef = 7126180484AD3FBD80C12EAE /* MemoryLibraryView.swift */; };
		B72BBE9D5E0B460A58CFF49A /* EpisodicMemoryStore.swift in Sources */ = {isa = PBXBuildFile; fileRef = 8B5086E3955E1E3A11D82E3C /* EpisodicMemoryStore.swift */; };
		B8207167E3C936DB84FAD3BD /* RankingEngine.swift in Sources */ = {isa = PBXBuildFile; fileRef = 2EFBAFAE45444F3CCF3D9DF3 /* RankingEngine.swift */; };
		BA83F6DE860765CDBBC1FA7A /* RoutingEngine.swift in Sources */ = {isa = PBXBuildFile; fileRef = 96C6C8C557D3D64B445EE0B9 /* RoutingEngine.swift */; };
		BFB5EF38EAEFF64194D86AD2 /* PREXUSLiquidGlass.swift in Sources */ = {isa = PBXBuildFile; fileRef = 824C7515D44B72DBA37182EF /* PREXUSLiquidGlass.swift */; };
		C5D61972CFFC91EB85CDE63F /* RetrievalEngine.swift in Sources */ = {isa = PBXBuildFile; fileRef = 7EE311A3A59B7A2EA66329B7 /* RetrievalEngine.swift */; };
		C6791B07C213ACDA78A06A20 /* DocumentIndexer.swift in Sources */ = {isa = PBXBuildFile; fileRef = 51EB97C39AE72A5C62FA11DB /* DocumentIndexer.swift */; };
		D4489EB3664F4EC689D19BF6 /* CloudModelClient.swift in Sources */ = {isa = PBXBuildFile; fileRef = 05BEDCF00625D332EB77B40B /* CloudModelClient.swift */; };
		D85FA031F4C7B2D2DD087A4B /* VisionAnalyzer.swift in Sources */ = {isa = PBXBuildFile; fileRef = 2132981CF7B75392568C3CE0 /* VisionAnalyzer.swift */; };
		DDF7E92E33E221BF9D3B62BE /* LocalModelClient.swift in Sources */ = {isa = PBXBuildFile; fileRef = 9D0A5408E0F42C89561FFCA7 /* LocalModelClient.swift */; };
		DFA39C14D72023D8A6847E77 /* ExecutionPolicy.swift in Sources */ = {isa = PBXBuildFile; fileRef = 8F3D00DBD32A4551B8BF60D8 /* ExecutionPolicy.swift */; };
		E2EFD37DA0945E9E2E920F08 /* RootView.swift in Sources */ = {isa = PBXBuildFile; fileRef = 34ED020491779FD7235379AB /* RootView.swift */; };
		EFB1E853B3DD11705D48D4FC /* HTTPTransport.swift in Sources */ = {isa = PBXBuildFile; fileRef = A5B6A4B7FA91793A971B2AEB /* HTTPTransport.swift */; };
		F575C852F23967F7DAF2606E /* ChatRuntimeTranscript.swift in Sources */ = {isa = PBXBuildFile; fileRef = 0DA3A82D051BE573C27C5248 /* ChatRuntimeTranscript.swift */; };
		F7A56928EEE667DBB5E8F3E1 /* KeychainAPIKeyStore.swift in Sources */ = {isa = PBXBuildFile; fileRef = F2D098B9536BE3DDD3E7400E /* KeychainAPIKeyStore.swift */; };
/* End PBXBuildFile section */

/* Begin PBXContainerItemProxy section */
		2F7B05FF66565DD85FBB829E /* PBXContainerItemProxy */ = {
			isa = PBXContainerItemProxy;
			containerPortal = 4A4E353E0CC1D870E52D0D76 /* Project object */;
			proxyType = 1;
			remoteGlobalIDString = A035A83E5CC9A76AB422314F;
			remoteInfo = PREXUS;
		};
		500DFE53E3176E4430A67FF8 /* PBXContainerItemProxy */ = {
			isa = PBXContainerItemProxy;
			containerPortal = 4A4E353E0CC1D870E52D0D76 /* Project object */;
			proxyType = 1;
			remoteGlobalIDString = A035A83E5CC9A76AB422314F;
			remoteInfo = PREXUS;
		};
/* End PBXContainerItemProxy section */

/* Begin PBXFileReference section */
		05BEDCF00625D332EB77B40B /* CloudModelClient.swift */ = {isa = PBXFileReference; includeInIndex = 1; lastKnownFileType = sourcecode.swift; path = CloudModelClient.swift; sourceTree = "<group>"; };
		09394E39642A2CDE031DCAB8 /* AppEnvironment.swift */ = {isa = PBXFileReference; includeInIndex = 1; lastKnownFileType = sourcecode.swift; path = AppEnvironment.swift; sourceTree = "<group>"; };
		0DA3A82D051BE573C27C5248 /* ChatRuntimeTranscript.swift */ = {isa = PBXFileReference; includeInIndex = 1; lastKnownFileType = sourcecode.swift; path = ChatRuntimeTranscript.swift; sourceTree = "<group>"; };
		0E4BC6AFCA453EF429B76DB8 /* PREXUS.app */ = {isa = PBXFileReference; explicitFileType = wrapper.application; includeInIndex = 0; name = PREXUS.app; path = PREXUS.app; sourceTree = BUILT_PRODUCTS_DIR; };
		12C8ED4E638A7B3B25E630E6 /* ChatMessage.swift */ = {isa = PBXFileReference; includeInIndex = 1; lastKnownFileType = sourcecode.swift; path = ChatMessage.swift; sourceTree = "<group>"; };
		19AB003775CD86C24C4CAE14 /* APIKeyStore.swift */ = {isa = PBXFileReference; includeInIndex = 1; lastKnownFileType = sourcecode.swift; path = APIKeyStore.swift; sourceTree = "<group>"; };
		1FDB2924147DB061AF096005 /* PersistentMemoryStore.swift */ = {isa = PBXFileReference; includeInIndex = 1; lastKnownFileType = sourcecode.swift; path = PersistentMemoryStore.swift; sourceTree = "<group>"; };
		2132981CF7B75392568C3CE0 /* VisionAnalyzer.swift */ = {isa = PBXFileReference; includeInIndex = 1; lastKnownFileType = sourcecode.swift; path = VisionAnalyzer.swift; sourceTree = "<group>"; };
		21AD76BA3FBDACF16CDE140B /* PREXUSTests.swift */ = {isa = PBXFileReference; includeInIndex = 1; lastKnownFileType = sourcecode.swift; path = PREXUSTests.swift; sourceTree = "<group>"; };
		25C209E1652A967D9772C34D /* MemoryLibraryViewModel.swift */ = {isa = PBXFileReference; includeInIndex = 1; lastKnownFileType = sourcecode.swift; path = MemoryLibraryViewModel.swift; sourceTree = "<group>"; };
		29397A8ABC813B8F6C7122C0 /* RuntimeDiagnosticsView.swift */ = {isa = PBXFileReference; includeInIndex = 1; lastKnownFileType = sourcecode.swift; path = RuntimeDiagnosticsView.swift; sourceTree = "<group>"; };
		2EF0272BFC29B069F9343245 /* PREXUSApp.swift */ = {isa = PBXFileReference; includeInIndex = 1; lastKnownFileType = sourcecode.swift; path = PREXUSApp.swift; sourceTree = "<group>"; };
		2EFBAFAE45444F3CCF3D9DF3 /* RankingEngine.swift */ = {isa = PBXFileReference; includeInIndex = 1; lastKnownFileType = sourcecode.swift; path = RankingEngine.swift; sourceTree = "<group>"; };
		3342020A13F703241FF4C2A8 /* EscalationCoordinator.swift */ = {isa = PBXFileReference; includeInIndex = 1; lastKnownFileType = sourcecode.swift; path = EscalationCoordinator.swift; sourceTree = "<group>"; };
		34ED020491779FD7235379AB /* RootView.swift */ = {isa = PBXFileReference; includeInIndex = 1; lastKnownFileType = sourcecode.swift; path = RootView.swift; sourceTree = "<group>"; };
		3BCB0E21FA9E9A2AFF5D19B1 /* RuntimeTurnExecutor.swift */ = {isa = PBXFileReference; includeInIndex = 1; lastKnownFileType = sourcecode.swift; path = RuntimeTurnExecutor.swift; sourceTree = "<group>"; };
		3D80AEC40E718E993F3A5040 /* IntentClassifier.swift */ = {isa = PBXFileReference; includeInIndex = 1; lastKnownFileType = sourcecode.swift; path = IntentClassifier.swift; sourceTree = "<group>"; };
		45655305C2A344F44A26EA5E /* SensorSignalProvider.swift */ = {isa = PBXFileReference; includeInIndex = 1; lastKnownFileType = sourcecode.swift; path = SensorSignalProvider.swift; sourceTree = "<group>"; };
		517A0C8AEB4A61C9803068A4 /* RuntimeContainer.swift */ = {isa = PBXFileReference; includeInIndex = 1; lastKnownFileType = sourcecode.swift; path = RuntimeContainer.swift; sourceTree = "<group>"; };
		51EB97C39AE72A5C62FA11DB /* DocumentIndexer.swift */ = {isa = PBXFileReference; includeInIndex = 1; lastKnownFileType = sourcecode.swift; path = DocumentIndexer.swift; sourceTree = "<group>"; };
		5342CEBB7AD2A335269F419F /* PromptTemplate.swift */ = {isa = PBXFileReference; includeInIndex = 1; lastKnownFileType = sourcecode.swift; path = PromptTemplate.swift; sourceTree = "<group>"; };
		642FFF3C8885733C408A1B6F /* Assets.xcassets */ = {isa = PBXFileReference; includeInIndex = 1; lastKnownFileType = folder.assetcatalog; path = Assets.xcassets; sourceTree = "<group>"; };
		7126180484AD3FBD80C12EAE /* MemoryLibraryView.swift */ = {isa = PBXFileReference; includeInIndex = 1; lastKnownFileType = sourcecode.swift; path = MemoryLibraryView.swift; sourceTree = "<group>"; };
		724EE2E5C82DB2B62860036D /* PREXUSTests.xctest */ = {isa = PBXFileReference; explicitFileType = wrapper.cfbundle; includeInIndex = 0; name = PREXUSTests.xctest; path = PREXUSTests.xctest; sourceTree = BUILT_PRODUCTS_DIR; };
		7EE311A3A59B7A2EA66329B7 /* RetrievalEngine.swift */ = {isa = PBXFileReference; includeInIndex = 1; lastKnownFileType = sourcecode.swift; path = RetrievalEngine.swift; sourceTree = "<group>"; };
		824C7515D44B72DBA37182EF /* PREXUSLiquidGlass.swift */ = {isa = PBXFileReference; includeInIndex = 1; lastKnownFileType = sourcecode.swift; path = PREXUSLiquidGlass.swift; sourceTree = "<group>"; };
		8298C24342C7D73C54B15E54 /* EmbeddingProvider.swift */ = {isa = PBXFileReference; includeInIndex = 1; lastKnownFileType = sourcecode.swift; path = EmbeddingProvider.swift; sourceTree = "<group>"; };
		85E7D529B7BE41DE57771AC6 /* Foundation.framework */ = {isa = PBXFileReference; lastKnownFileType = wrapper.framework; name = Foundation.framework; path = Platforms/iPhoneOS.platform/Developer/SDKs/iPhoneOS18.0.sdk/System/Library/Frameworks/Foundation.framework; sourceTree = DEVELOPER_DIR; };
		862ECBE89958DF9E6A6CA85E /* PREXUSUITests.xctest */ = {isa = PBXFileReference; explicitFileType = wrapper.cfbundle; includeInIndex = 0; name = PREXUSUITests.xctest; path = PREXUSUITests.xctest; sourceTree = BUILT_PRODUCTS_DIR; };
		8B5086E3955E1E3A11D82E3C /* EpisodicMemoryStore.swift */ = {isa = PBXFileReference; includeInIndex = 1; lastKnownFileType = sourcecode.swift; path = EpisodicMemoryStore.swift; sourceTree = "<group>"; };
		8F3D00DBD32A4551B8BF60D8 /* ExecutionPolicy.swift */ = {isa = PBXFileReference; includeInIndex = 1; lastKnownFileType = sourcecode.swift; path = ExecutionPolicy.swift; sourceTree = "<group>"; };
		96C6C8C557D3D64B445EE0B9 /* RoutingEngine.swift */ = {isa = PBXFileReference; includeInIndex = 1; lastKnownFileType = sourcecode.swift; path = RoutingEngine.swift; sourceTree = "<group>"; };
		9751048970303D56E2C7A582 /* ChatView.swift */ = {isa = PBXFileReference; includeInIndex = 1; lastKnownFileType = sourcecode.swift; path = ChatView.swift; sourceTree = "<group>"; };
		9A3A2D7F074BB57AC5327932 /* AudioInputProcessor.swift */ = {isa = PBXFileReference; includeInIndex = 1; lastKnownFileType = sourcecode.swift; path = AudioInputProcessor.swift; sourceTree = "<group>"; };
		9A7B49CDE14F942FB436E3C7 /* ChatMessage+Runtime.swift */ = {isa = PBXFileReference; includeInIndex = 1; lastKnownFileType = sourcecode.swift; path = "ChatMessage+Runtime.swift"; sourceTree = "<group>"; };
		9D0A5408E0F42C89561FFCA7 /* LocalModelClient.swift */ = {isa = PBXFileReference; includeInIndex = 1; lastKnownFileType = sourcecode.swift; path = LocalModelClient.swift; sourceTree = "<group>"; };
		A5B6A4B7FA91793A971B2AEB /* HTTPTransport.swift */ = {isa = PBXFileReference; includeInIndex = 1; lastKnownFileType = sourcecode.swift; path = HTTPTransport.swift; sourceTree = "<group>"; };
		AA06D05AB15D483060630069 /* RuntimeDiagnosticsStore.swift */ = {isa = PBXFileReference; includeInIndex = 1; lastKnownFileType = sourcecode.swift; path = RuntimeDiagnosticsStore.swift; sourceTree = "<group>"; };
		B2CD08220143863A2C428B6B /* ChatViewModel.swift */ = {isa = PBXFileReference; includeInIndex = 1; lastKnownFileType = sourcecode.swift; path = ChatViewModel.swift; sourceTree = "<group>"; };
		BC776B16ABA1037F804D1E6A /* PREXUSUITests.swift */ = {isa = PBXFileReference; includeInIndex = 1; lastKnownFileType = sourcecode.swift; path = PREXUSUITests.swift; sourceTree = "<group>"; };
		C1145250F23ED2268BF8B931 /* ContextCompressor.swift */ = {isa = PBXFileReference; includeInIndex = 1; lastKnownFileType = sourcecode.swift; path = ContextCompressor.swift; sourceTree = "<group>"; };
		C3BB44DC26AFD18F267904AC /* ProviderAdapter.swift */ = {isa = PBXFileReference; includeInIndex = 1; lastKnownFileType = sourcecode.swift; path = ProviderAdapter.swift; sourceTree = "<group>"; };
		C74CF61CB3F8332C3560C90E /* RouteDecision.swift */ = {isa = PBXFileReference; includeInIndex = 1; lastKnownFileType = sourcecode.swift; path = RouteDecision.swift; sourceTree = "<group>"; };
		CA2B3C1A741CEA2496147E31 /* SettingsView.swift */ = {isa = PBXFileReference; includeInIndex = 1; lastKnownFileType = sourcecode.swift; path = SettingsView.swift; sourceTree = "<group>"; };
		D5A0F7358CBDBC61238B7607 /* OCRProcessor.swift */ = {isa = PBXFileReference; includeInIndex = 1; lastKnownFileType = sourcecode.swift; path = OCRProcessor.swift; sourceTree = "<group>"; };
		E2964B7433AC76ADC3EA37D9 /* AppConfig.swift */ = {isa = PBXFileReference; includeInIndex = 1; lastKnownFileType = sourcecode.swift; path = AppConfig.swift; sourceTree = "<group>"; };
		E375BBF0A8A92BAF6B826F92 /* AppSettingsStore.swift */ = {isa = PBXFileReference; includeInIndex = 1; lastKnownFileType = sourcecode.swift; path = AppSettingsStore.swift; sourceTree = "<group>"; };
		E5C666347BEE83BD1E4E6099 /* RuntimeMessage.swift */ = {isa = PBXFileReference; includeInIndex = 1; lastKnownFileType = sourcecode.swift; path = RuntimeMessage.swift; sourceTree = "<group>"; };
		E6872857D4CB4D6C410F40A0 /* MemoryRetrieval.swift */ = {isa = PBXFileReference; includeInIndex = 1; lastKnownFileType = sourcecode.swift; path = MemoryRetrieval.swift; sourceTree = "<group>"; };
		F2D098B9536BE3DDD3E7400E /* KeychainAPIKeyStore.swift */ = {isa = PBXFileReference; includeInIndex = 1; lastKnownFileType = sourcecode.swift; path = KeychainAPIKeyStore.swift; sourceTree = "<group>"; };
/* End PBXFileReference section */

/* Begin PBXFrameworksBuildPhase section */
		17A18D05BCDFA3A024C114B2 /* Frameworks */ = {
			isa = PBXFrameworksBuildPhase;
			buildActionMask = 2147483647;
			files = (
				3A91CCEA58062B78F80887E2 /* Foundation.framework in Frameworks */,
			);
			runOnlyForDeploymentPostprocessing = 0;
		};
		D3FD2965E793A003E3615799 /* Frameworks */ = {
			isa = PBXFrameworksBuildPhase;
			buildActionMask = 2147483647;
			files = (
				2F8BFCEC978F172B616C9FE1 /* Foundation.framework in Frameworks */,
			);
			runOnlyForDeploymentPostprocessing = 0;
		};
		FB19809A1A2DE16EDD4ABF93 /* Frameworks */ = {
			isa = PBXFrameworksBuildPhase;
			buildActionMask = 2147483647;
			files = (
				22E0BD6CE71DA51C27E55FFA /* Foundation.framework in Frameworks */,
			);
			runOnlyForDeploymentPostprocessing = 0;
		};
/* End PBXFrameworksBuildPhase section */

/* Begin PBXGroup section */
		05A63C955E5330A33FAE1B14 /* adapters */ = {
			isa = PBXGroup;
			children = (
				C3BB44DC26AFD18F267904AC /* ProviderAdapter.swift */,
			);
			name = adapters;
			path = adapters;
			sourceTree = "<group>";
		};
		0A4227F4CA1BEA1F8FD0C670 /* compression */ = {
			isa = PBXGroup;
			children = (
				C1145250F23ED2268BF8B931 /* ContextCompressor.swift */,
			);
			name = compression;
			path = compression;
			sourceTree = "<group>";
		};
		0D9F3780BEABBA7984A97470 /* Resources */ = {
			isa = PBXGroup;
			children = (
				642FFF3C8885733C408A1B6F /* Assets.xcassets */,
			);
			name = Resources;
			path = Resources;
			sourceTree = "<group>";
		};
		15B2F36720766B2956A7FE5E /* Products */ = {
			isa = PBXGroup;
			children = (
				0E4BC6AFCA453EF429B76DB8 /* PREXUS.app */,
				724EE2E5C82DB2B62860036D /* PREXUSTests.xctest */,
				862ECBE89958DF9E6A6CA85E /* PREXUSUITests.xctest */,
			);
			name = Products;
			sourceTree = "<group>";
		};
		16A7FF6A3F6BF45ECA6AE50A /* audio */ = {
			isa = PBXGroup;
			children = (
				9A3A2D7F074BB57AC5327932 /* AudioInputProcessor.swift */,
			);
			name = audio;
			path = audio;
			sourceTree = "<group>";
		};
		182A3C73F2050E6F2216CEAA /* Chat */ = {
			isa = PBXGroup;
			children = (
				B2CD08220143863A2C428B6B /* ChatViewModel.swift */,
				0DA3A82D051BE573C27C5248 /* ChatRuntimeTranscript.swift */,
				9751048970303D56E2C7A582 /* ChatView.swift */,
			);
			name = Chat;
			path = Chat;
			sourceTree = "<group>";
		};
		1CE5E1D2B0B2057723261C69 = {
			isa = PBXGroup;
			children = (
				15B2F36720766B2956A7FE5E /* Products */,
				6D681A78D2EB0A29B6F9B403 /* Frameworks */,
				D459E1863678CA9F22CC410E /* PREXUS */,
				ED9E3D97D8F47AD67C479AB4 /* runtime */,
				29FF133BCBD9C669F3BFF0C4 /* shared */,
				E5551CFC277257B2D38BF177 /* PREXUSTests */,
				4BB5336D9805E6CC1862B7A2 /* PREXUSUITests */,
			);
			sourceTree = "<group>";
		};
		1E9321CA5035FA88AB13B919 /* iOS */ = {
			isa = PBXGroup;
			children = (
				85E7D529B7BE41DE57771AC6 /* Foundation.framework */,
			);
			name = iOS;
			sourceTree = "<group>";
		};
		214ADCD7B39787E49F716E86 /* sensors */ = {
			isa = PBXGroup;
			children = (
				45655305C2A344F44A26EA5E /* SensorSignalProvider.swift */,
			);
			name = sensors;
			path = sensors;
			sourceTree = "<group>";
		};
		29F7A3CF514E585B7931D079 /* vector_store */ = {
			isa = PBXGroup;
			children = (
				E6872857D4CB4D6C410F40A0 /* MemoryRetrieval.swift */,
			);
			name = vector_store;
			path = vector_store;
			sourceTree = "<group>";
		};
		29FF133BCBD9C669F3BFF0C4 /* shared */ = {
			isa = PBXGroup;
			children = (
			);
			name = shared;
			path = ../shared;
			sourceTree = "<group>";
		};
		30EE1A83694A75B1F3AA6669 /* orchestrator */ = {
			isa = PBXGroup;
			children = (
				517A0C8AEB4A61C9803068A4 /* RuntimeContainer.swift */,
				794087D414A0B8477EC14A1F /* policies */,
				3BCB0E21FA9E9A2AFF5D19B1 /* RuntimeTurnExecutor.swift */,
				3703DB0E6EB0C37ECE45D2A6 /* intent */,
				92F1ABF422AA8F0AA2F18091 /* escalation */,
				E5C666347BEE83BD1E4E6099 /* RuntimeMessage.swift */,
				6B92D6878AA590366C83CDF9 /* router */,
			);
			name = orchestrator;
			path = orchestrator;
			sourceTree = "<group>";
		};
		31FB1FDBC3AEC3500CF07363 /* Services */ = {
			isa = PBXGroup;
			children = (
				E375BBF0A8A92BAF6B826F92 /* AppSettingsStore.swift */,
				1FDB2924147DB061AF096005 /* PersistentMemoryStore.swift */,
				F2D098B9536BE3DDD3E7400E /* KeychainAPIKeyStore.swift */,
			);
			name = Services;
			path = Services;
			sourceTree = "<group>";
		};
		3703DB0E6EB0C37ECE45D2A6 /* intent */ = {
			isa = PBXGroup;
			children = (
				3D80AEC40E718E993F3A5040 /* IntentClassifier.swift */,
			);
			name = intent;
			path = intent;
			sourceTree = "<group>";
		};
		41BEA2D38014B56D9BAA5544 /* config */ = {
			isa = PBXGroup;
			children = (
				E2964B7433AC76ADC3EA37D9 /* AppConfig.swift */,
			);
			name = config;
			path = config;
			sourceTree = "<group>";
		};
		4BB5336D9805E6CC1862B7A2 /* PREXUSUITests */ = {
			isa = PBXGroup;
			children = (
				BC776B16ABA1037F804D1E6A /* PREXUSUITests.swift */,
			);
			name = PREXUSUITests;
			path = PREXUSUITests;
			sourceTree = "<group>";
		};
		4D8D1A2D4999EC07362DB56B /* prompts */ = {
			isa = PBXGroup;
			children = (
				5342CEBB7AD2A335269F419F /* PromptTemplate.swift */,
			);
			name = prompts;
			path = prompts;
			sourceTree = "<group>";
		};
		5414536531C0874B1B9A7F69 /* Diagnostics */ = {
			isa = PBXGroup;
			children = (
				AA06D05AB15D483060630069 /* RuntimeDiagnosticsStore.swift */,
				29397A8ABC813B8F6C7122C0 /* RuntimeDiagnosticsView.swift */,
			);
			name = Diagnostics;
			path = Diagnostics;
			sourceTree = "<group>";
		};
		5EC6AA9FF4E110235C7917A1 /* local */ = {
			isa = PBXGroup;
			children = (
				9D0A5408E0F42C89561FFCA7 /* LocalModelClient.swift */,
			);
			name = local;
			path = local;
			sourceTree = "<group>";
		};
		6B92D6878AA590366C83CDF9 /* router */ = {
			isa = PBXGroup;
			children = (
				C74CF61CB3F8332C3560C90E /* RouteDecision.swift */,
				96C6C8C557D3D64B445EE0B9 /* RoutingEngine.swift */,
			);
			name = router;
			path = router;
			sourceTree = "<group>";
		};
		6D681A78D2EB0A29B6F9B403 /* Frameworks */ = {
			isa = PBXGroup;
			children = (
				1E9321CA5035FA88AB13B919 /* iOS */,
			);
			name = Frameworks;
			sourceTree = "<group>";
		};
		794087D414A0B8477EC14A1F /* policies */ = {
			isa = PBXGroup;
			children = (
				8F3D00DBD32A4551B8BF60D8 /* ExecutionPolicy.swift */,
			);
			name = policies;
			path = policies;
			sourceTree = "<group>";
		};
		7C433EEF82736418BA922FBB /* episodic */ = {
			isa = PBXGroup;
			children = (
				8B5086E3955E1E3A11D82E3C /* EpisodicMemoryStore.swift */,
			);
			name = episodic;
			path = episodic;
			sourceTree = "<group>";
		};
		8075FBCCF78ADDAEF530B271 /* vision */ = {
			isa = PBXGroup;
			children = (
				2132981CF7B75392568C3CE0 /* VisionAnalyzer.swift */,
			);
			name = vision;
			path = vision;
			sourceTree = "<group>";
		};
		8147A7BC3354F8000F04EB12 /* Memory */ = {
			isa = PBXGroup;
			children = (
				25C209E1652A967D9772C34D /* MemoryLibraryViewModel.swift */,
				7126180484AD3FBD80C12EAE /* MemoryLibraryView.swift */,
			);
			name = Memory;
			path = Memory;
			sourceTree = "<group>";
		};
		85AFC3544447B083CA43BC9D /* memory */ = {
			isa = PBXGroup;
			children = (
				9609724AA1DF677288B3137E /* embeddings */,
				7C433EEF82736418BA922FBB /* episodic */,
				29F7A3CF514E585B7931D079 /* vector_store */,
				0A4227F4CA1BEA1F8FD0C670 /* compression */,
			);
			name = memory;
			path = memory;
			sourceTree = "<group>";
		};
		92F1ABF422AA8F0AA2F18091 /* escalation */ = {
			isa = PBXGroup;
			children = (
				3342020A13F703241FF4C2A8 /* EscalationCoordinator.swift */,
			);
			name = escalation;
			path = escalation;
			sourceTree = "<group>";
		};
		9609724AA1DF677288B3137E /* embeddings */ = {
			isa = PBXGroup;
			children = (
				8298C24342C7D73C54B15E54 /* EmbeddingProvider.swift */,
			);
			name = embeddings;
			path = embeddings;
			sourceTree = "<group>";
		};
		9AA865A36793B5EFAAAD8E9A /* llm */ = {
			isa = PBXGroup;
			children = (
				5EC6AA9FF4E110235C7917A1 /* local */,
				05A63C955E5330A33FAE1B14 /* adapters */,
				EE1A7C64C608056AA51D59DF /* cloud */,
				4D8D1A2D4999EC07362DB56B /* prompts */,
			);
			name = llm;
			path = llm;
			sourceTree = "<group>";
		};
		9FC25F6287AFF7F07F7C6BCF /* Models */ = {
			isa = PBXGroup;
			children = (
				12C8ED4E638A7B3B25E630E6 /* ChatMessage.swift */,
				9A7B49CDE14F942FB436E3C7 /* ChatMessage+Runtime.swift */,
			);
			name = Models;
			path = Models;
			sourceTree = "<group>";
		};
		B89D72EA7F32B90C846A0215 /* ranking */ = {
			isa = PBXGroup;
			children = (
				2EFBAFAE45444F3CCF3D9DF3 /* RankingEngine.swift */,
			);
			name = ranking;
			path = ranking;
			sourceTree = "<group>";
		};
		CAE6D0EDCBA68D33C653A1ED /* retrieval */ = {
			isa = PBXGroup;
			children = (
				7EE311A3A59B7A2EA66329B7 /* RetrievalEngine.swift */,
			);
			name = retrieval;
			path = retrieval;
			sourceTree = "<group>";
		};
		D459E1863678CA9F22CC410E /* PREXUS */ = {
			isa = PBXGroup;
			children = (
				F5A40B29EF87BFD52B86A8BA /* UI */,
				EB25AD58EF45F7E7FD2CE3CA /* App */,
				F1B862A086B84DC2396C32E2 /* Features */,
				9FC25F6287AFF7F07F7C6BCF /* Models */,
				31FB1FDBC3AEC3500CF07363 /* Services */,
				0D9F3780BEABBA7984A97470 /* Resources */,
			);
			name = PREXUS;
			path = PREXUS;
			sourceTree = "<group>";
		};
		E07BD9DDDFE02E227BDEE1F9 /* rag */ = {
			isa = PBXGroup;
			children = (
				B89D72EA7F32B90C846A0215 /* ranking */,
				CAE6D0EDCBA68D33C653A1ED /* retrieval */,
				E704BD5F9EB08181075A0CD5 /* indexing */,
			);
			name = rag;
			path = rag;
			sourceTree = "<group>";
		};
		E5551CFC277257B2D38BF177 /* PREXUSTests */ = {
			isa = PBXGroup;
			children = (
				21AD76BA3FBDACF16CDE140B /* PREXUSTests.swift */,
			);
			name = PREXUSTests;
			path = PREXUSTests;
			sourceTree = "<group>";
		};
		E704BD5F9EB08181075A0CD5 /* indexing */ = {
			isa = PBXGroup;
			children = (
				51EB97C39AE72A5C62FA11DB /* DocumentIndexer.swift */,
			);
			name = indexing;
			path = indexing;
			sourceTree = "<group>";
		};
		EB25AD58EF45F7E7FD2CE3CA /* App */ = {
			isa = PBXGroup;
			children = (
				2EF0272BFC29B069F9343245 /* PREXUSApp.swift */,
				09394E39642A2CDE031DCAB8 /* AppEnvironment.swift */,
			);
			name = App;
			path = App;
			sourceTree = "<group>";
		};
		EB633EC197E834FE8684179B /* ocr */ = {
			isa = PBXGroup;
			children = (
				D5A0F7358CBDBC61238B7607 /* OCRProcessor.swift */,
			);
			name = ocr;
			path = ocr;
			sourceTree = "<group>";
		};
		ED9E3D97D8F47AD67C479AB4 /* runtime */ = {
			isa = PBXGroup;
			children = (
				9AA865A36793B5EFAAAD8E9A /* llm */,
				85AFC3544447B083CA43BC9D /* memory */,
				41BEA2D38014B56D9BAA5544 /* config */,
				E07BD9DDDFE02E227BDEE1F9 /* rag */,
				F0B6EEFDB296633C54C857D6 /* multimodal */,
				30EE1A83694A75B1F3AA6669 /* orchestrator */,
			);
			name = runtime;
			path = ../../runtime;
			sourceTree = "<group>";
		};
		EE1A7C64C608056AA51D59DF /* cloud */ = {
			isa = PBXGroup;
			children = (
				A5B6A4B7FA91793A971B2AEB /* HTTPTransport.swift */,
				19AB003775CD86C24C4CAE14 /* APIKeyStore.swift */,
				05BEDCF00625D332EB77B40B /* CloudModelClient.swift */,
			);
			name = cloud;
			path = cloud;
			sourceTree = "<group>";
		};
		F0B6EEFDB296633C54C857D6 /* multimodal */ = {
			isa = PBXGroup;
			children = (
				214ADCD7B39787E49F716E86 /* sensors */,
				EB633EC197E834FE8684179B /* ocr */,
				8075FBCCF78ADDAEF530B271 /* vision */,
				16A7FF6A3F6BF45ECA6AE50A /* audio */,
			);
			name = multimodal;
			path = multimodal;
			sourceTree = "<group>";
		};
		F1B862A086B84DC2396C32E2 /* Features */ = {
			isa = PBXGroup;
			children = (
				8147A7BC3354F8000F04EB12 /* Memory */,
				182A3C73F2050E6F2216CEAA /* Chat */,
				5414536531C0874B1B9A7F69 /* Diagnostics */,
			);
			name = Features;
			path = Features;
			sourceTree = "<group>";
		};
		F5A40B29EF87BFD52B86A8BA /* UI */ = {
			isa = PBXGroup;
			children = (
				CA2B3C1A741CEA2496147E31 /* SettingsView.swift */,
				34ED020491779FD7235379AB /* RootView.swift */,
				824C7515D44B72DBA37182EF /* PREXUSLiquidGlass.swift */,
			);
			name = UI;
			path = UI;
			sourceTree = "<group>";
		};
/* End PBXGroup section */

/* Begin PBXNativeTarget section */
		9CBCFC461C9DFE7DDCB4FAFD /* PREXUSUITests */ = {
			isa = PBXNativeTarget;
			buildConfigurationList = DD06DF987B5799A69C20B3FB /* Build configuration list for PBXNativeTarget "PREXUSUITests" */;
			buildPhases = (
				EF275FE1B167703DF236E6DA /* Sources */,
				FB19809A1A2DE16EDD4ABF93 /* Frameworks */,
				42D3706EA572B67BA324E80A /* Resources */,
			);
			buildRules = (
			);
			dependencies = (
				CE82719DC86BFE0220EC9164 /* PBXTargetDependency */,
			);
			name = PREXUSUITests;
			productName = PREXUSUITests;
			productReference = 862ECBE89958DF9E6A6CA85E /* PREXUSUITests.xctest */;
			productType = "com.apple.product-type.bundle.ui-testing";
		};
		A035A83E5CC9A76AB422314F /* PREXUS */ = {
			isa = PBXNativeTarget;
			buildConfigurationList = 92365CF49DB37B52ABE7E408 /* Build configuration list for PBXNativeTarget "PREXUS" */;
			buildPhases = (
				3AAAA3EEC7CEBBFF0A252580 /* Sources */,
				17A18D05BCDFA3A024C114B2 /* Frameworks */,
				87BCB98A4E52D21725726A8C /* Resources */,
			);
			buildRules = (
			);
			dependencies = (
			);
			name = PREXUS;
			productName = PREXUS;
			productReference = 0E4BC6AFCA453EF429B76DB8 /* PREXUS.app */;
			productType = "com.apple.product-type.application";
		};
		AF9395814600703AE2C27DDF /* PREXUSTests */ = {
			isa = PBXNativeTarget;
			buildConfigurationList = 500BD05BE36A6D18CCF0C6D3 /* Build configuration list for PBXNativeTarget "PREXUSTests" */;
			buildPhases = (
				744C7427385D8EE8D4E987AF /* Sources */,
				D3FD2965E793A003E3615799 /* Frameworks */,
				BB22B4C1B7FE83C55A448678 /* Resources */,
			);
			buildRules = (
			);
			dependencies = (
				7E5CC4C8F6755E528F448C9D /* PBXTargetDependency */,
			);
			name = PREXUSTests;
			productName = PREXUSTests;
			productReference = 724EE2E5C82DB2B62860036D /* PREXUSTests.xctest */;
			productType = "com.apple.product-type.bundle.unit-test";
		};
/* End PBXNativeTarget section */

/* Begin PBXProject section */
		4A4E353E0CC1D870E52D0D76 /* Project object */ = {
			isa = PBXProject;
			attributes = {
				LastSwiftUpdateCheck = 1600;
				LastUpgradeCheck = 1600;
			};
			buildConfigurationList = B5ED82814D2F5E30A3F5239F /* Build configuration list for PBXProject "PREXUS" */;
			compatibilityVersion = "Xcode 3.2";
			developmentRegion = en;
			hasScannedForEncodings = 0;
			knownRegions = (
				en,
				Base,
			);
			mainGroup = 1CE5E1D2B0B2057723261C69;
			minimizedProjectReferenceProxies = 0;
			preferredProjectObjectVersion = 77;
			productRefGroup = 15B2F36720766B2956A7FE5E /* Products */;
			projectDirPath = "";
			projectRoot = "";
			targets = (
				A035A83E5CC9A76AB422314F /* PREXUS */,
				AF9395814600703AE2C27DDF /* PREXUSTests */,
				9CBCFC461C9DFE7DDCB4FAFD /* PREXUSUITests */,
			);
		};
/* End PBXProject section */

/* Begin PBXResourcesBuildPhase section */
		42D3706EA572B67BA324E80A /* Resources */ = {
			isa = PBXResourcesBuildPhase;
			buildActionMask = 2147483647;
			files = (
			);
			runOnlyForDeploymentPostprocessing = 0;
		};
		87BCB98A4E52D21725726A8C /* Resources */ = {
			isa = PBXResourcesBuildPhase;
			buildActionMask = 2147483647;
			files = (
				6EB72FAE3D2EA7ED469D0143 /* Assets.xcassets in Resources */,
			);
			runOnlyForDeploymentPostprocessing = 0;
		};
		BB22B4C1B7FE83C55A448678 /* Resources */ = {
			isa = PBXResourcesBuildPhase;
			buildActionMask = 2147483647;
			files = (
			);
			runOnlyForDeploymentPostprocessing = 0;
		};
/* End PBXResourcesBuildPhase section */

/* Begin PBXSourcesBuildPhase section */
		3AAAA3EEC7CEBBFF0A252580 /* Sources */ = {
			isa = PBXSourcesBuildPhase;
			buildActionMask = 2147483647;
			files = (
				168BEF603AB05CE5A05E824D /* SettingsView.swift in Sources */,
				E2EFD37DA0945E9E2E920F08 /* RootView.swift in Sources */,
				BFB5EF38EAEFF64194D86AD2 /* PREXUSLiquidGlass.swift in Sources */,
				41CE3F38B7CC6D8C18E11DC7 /* PREXUSApp.swift in Sources */,
				8241DEE6280326A1BC39A791 /* AppEnvironment.swift in Sources */,
				A1A567F6083F15159DFF044A /* MemoryLibraryViewModel.swift in Sources */,
				B584F36EE102CC665C8A3A23 /* MemoryLibraryView.swift in Sources */,
				AD553E5E0227750340224426 /* ChatViewModel.swift in Sources */,
				F575C852F23967F7DAF2606E /* ChatRuntimeTranscript.swift in Sources */,
				8E82390FF8228433DE2C64E7 /* ChatView.swift in Sources */,
				1B94F0DFAFC09F1B4FC2051C /* RuntimeDiagnosticsStore.swift in Sources */,
				915D98A356F31F5570931D16 /* RuntimeDiagnosticsView.swift in Sources */,
				7E1AB4D48A7E7A52A45BDCFF /* ChatMessage.swift in Sources */,
				4891DC8BCA57F58FC2E4BB00 /* ChatMessage+Runtime.swift in Sources */,
				47366A0744D563BF765A1D1E /* AppSettingsStore.swift in Sources */,
				4F66BF033550B65FC85E2A01 /* PersistentMemoryStore.swift in Sources */,
				F7A56928EEE667DBB5E8F3E1 /* KeychainAPIKeyStore.swift in Sources */,
				DDF7E92E33E221BF9D3B62BE /* LocalModelClient.swift in Sources */,
				8F83C39002615B6CEB50B3B7 /* ProviderAdapter.swift in Sources */,
				EFB1E853B3DD11705D48D4FC /* HTTPTransport.swift in Sources */,
				2B0A69667B17EF240CB3DF76 /* APIKeyStore.swift in Sources */,
				D4489EB3664F4EC689D19BF6 /* CloudModelClient.swift in Sources */,
				0AB50FCE6F57983F59D5EFE0 /* PromptTemplate.swift in Sources */,
				24C46BE204B35C750C14D665 /* EmbeddingProvider.swift in Sources */,
				B72BBE9D5E0B460A58CFF49A /* EpisodicMemoryStore.swift in Sources */,
				8BB8E846A50DB308C074AAA3 /* MemoryRetrieval.swift in Sources */,
				A7EDEA3817C2CFC006554911 /* ContextCompressor.swift in Sources */,
				4E2DBA58D4D13CE50989CBF8 /* AppConfig.swift in Sources */,
				B8207167E3C936DB84FAD3BD /* RankingEngine.swift in Sources */,
				C5D61972CFFC91EB85CDE63F /* RetrievalEngine.swift in Sources */,
				C6791B07C213ACDA78A06A20 /* DocumentIndexer.swift in Sources */,
				80E0CFEAD72547ED3BAA0EC4 /* SensorSignalProvider.swift in Sources */,
				40B0C3913D19A8FB1B4C79AC /* OCRProcessor.swift in Sources */,
				D85FA031F4C7B2D2DD087A4B /* VisionAnalyzer.swift in Sources */,
				19003E23CB19B8B46F5F1882 /* AudioInputProcessor.swift in Sources */,
				56688B700E719B93ADAD4193 /* RuntimeContainer.swift in Sources */,
				DFA39C14D72023D8A6847E77 /* ExecutionPolicy.swift in Sources */,
				478BD761229733C13B81A947 /* RuntimeTurnExecutor.swift in Sources */,
				B0BEB41ACA99E87973A8B7A2 /* IntentClassifier.swift in Sources */,
				39292390F562AEC87057C557 /* EscalationCoordinator.swift in Sources */,
				20BE541E282CC1467BE43632 /* RuntimeMessage.swift in Sources */,
				AC286B129E18D36A5B8722B4 /* RouteDecision.swift in Sources */,
				BA83F6DE860765CDBBC1FA7A /* RoutingEngine.swift in Sources */,
			);
			runOnlyForDeploymentPostprocessing = 0;
		};
		744C7427385D8EE8D4E987AF /* Sources */ = {
			isa = PBXSourcesBuildPhase;
			buildActionMask = 2147483647;
			files = (
				AD9428CAC2AF90589534254A /* PREXUSTests.swift in Sources */,
			);
			runOnlyForDeploymentPostprocessing = 0;
		};
		EF275FE1B167703DF236E6DA /* Sources */ = {
			isa = PBXSourcesBuildPhase;
			buildActionMask = 2147483647;
			files = (
				1AD5CC7CE5292CB351D9E440 /* PREXUSUITests.swift in Sources */,
			);
			runOnlyForDeploymentPostprocessing = 0;
		};
/* End PBXSourcesBuildPhase section */

/* Begin PBXTargetDependency section */
		7E5CC4C8F6755E528F448C9D /* PBXTargetDependency */ = {
			isa = PBXTargetDependency;
			name = PREXUS;
			target = A035A83E5CC9A76AB422314F /* PREXUS */;
			targetProxy = 500DFE53E3176E4430A67FF8 /* PBXContainerItemProxy */;
		};
		CE82719DC86BFE0220EC9164 /* PBXTargetDependency */ = {
			isa = PBXTargetDependency;
			name = PREXUS;
			target = A035A83E5CC9A76AB422314F /* PREXUS */;
			targetProxy = 2F7B05FF66565DD85FBB829E /* PBXContainerItemProxy */;
		};
/* End PBXTargetDependency section */

/* Begin XCBuildConfiguration section */
		16DA8F8DD83A45C6B355B501 /* Release */ = {
			isa = XCBuildConfiguration;
			buildSettings = {
				CLANG_ENABLE_OBJC_WEAK = NO;
				GENERATE_INFOPLIST_FILE = YES;
				INFOPLIST_FILE = "";
				IPHONEOS_DEPLOYMENT_TARGET = 17.0;
				PRODUCT_BUNDLE_IDENTIFIER = com.prexus.ios.uitests;
				SDKROOT = iphoneos;
				SWIFT_VERSION = 5.0;
				TARGETED_DEVICE_FAMILY = 1;
				TEST_TARGET_NAME = PREXUS;
				VALIDATE_PRODUCT = YES;
			};
			name = Release;
		};
		38B49DF1DFBB235EDE5D062B /* Debug */ = {
			isa = XCBuildConfiguration;
			buildSettings = {
				BUNDLE_LOADER = "$(TEST_HOST)";
				CLANG_ENABLE_OBJC_WEAK = NO;
				GENERATE_INFOPLIST_FILE = YES;
				INFOPLIST_FILE = "";
				IPHONEOS_DEPLOYMENT_TARGET = 17.0;
				PRODUCT_BUNDLE_IDENTIFIER = com.prexus.ios.tests;
				SDKROOT = iphoneos;
				SWIFT_VERSION = 5.0;
				TARGETED_DEVICE_FAMILY = 1;
				TEST_HOST = "$(BUILT_PRODUCTS_DIR)/PREXUS.app/PREXUS";
			};
			name = Debug;
		};
		45373A2565C3940DD4F88FA3 /* Release */ = {
			isa = XCBuildConfiguration;
			buildSettings = {
				BUNDLE_LOADER = "$(TEST_HOST)";
				CLANG_ENABLE_OBJC_WEAK = NO;
				GENERATE_INFOPLIST_FILE = YES;
				INFOPLIST_FILE = "";
				IPHONEOS_DEPLOYMENT_TARGET = 17.0;
				PRODUCT_BUNDLE_IDENTIFIER = com.prexus.ios.tests;
				SDKROOT = iphoneos;
				SWIFT_VERSION = 5.0;
				TARGETED_DEVICE_FAMILY = 1;
				TEST_HOST = "$(BUILT_PRODUCTS_DIR)/PREXUS.app/PREXUS";
				VALIDATE_PRODUCT = YES;
			};
			name = Release;
		};
		9D5B7D7E0965330E1C08D5C7 /* Release */ = {
			isa = XCBuildConfiguration;
			buildSettings = {
				ASSETCATALOG_COMPILER_APPICON_NAME = AppIcon;
				ASSETCATALOG_COMPILER_GLOBAL_ACCENT_COLOR_NAME = AccentColor;
				CLANG_ENABLE_OBJC_WEAK = NO;
				CODE_SIGN_STYLE = Automatic;
				DEVELOPMENT_TEAM = "";
				GENERATE_INFOPLIST_FILE = NO;
				INFOPLIST_FILE = PREXUS/Resources/Info.plist;
				IPHONEOS_DEPLOYMENT_TARGET = 17.0;
				LD_RUNPATH_SEARCH_PATHS = "$(inherited) @executable_path/Frameworks";
				PRODUCT_BUNDLE_IDENTIFIER = com.prexus.ios;
				SDKROOT = iphoneos;
				SWIFT_EMIT_LOC_STRINGS = NO;
				SWIFT_VERSION = 5.0;
				TARGETED_DEVICE_FAMILY = 1;
				VALIDATE_PRODUCT = YES;
			};
			name = Release;
		};
		AB5FC98B9302F32EE37FC495 /* Debug */ = {
			isa = XCBuildConfiguration;
			buildSettings = {
				ALWAYS_SEARCH_USER_PATHS = NO;
				CLANG_ANALYZER_NONNULL = YES;
				CLANG_ANALYZER_NUMBER_OBJECT_CONVERSION = YES_AGGRESSIVE;
				CLANG_CXX_LANGUAGE_STANDARD = "gnu++14";
				CLANG_CXX_LIBRARY = "libc++";
				CLANG_ENABLE_MODULES = YES;
				CLANG_ENABLE_OBJC_ARC = YES;
				CLANG_ENABLE_OBJC_WEAK = YES;
				CLANG_WARN_BLOCK_CAPTURE_AUTORELEASING = YES;
				CLANG_WARN_BOOL_CONVERSION = YES;
				CLANG_WARN_COMMA = YES;
				CLANG_WARN_CONSTANT_CONVERSION = YES;
				CLANG_WARN_DEPRECATED_OBJC_IMPLEMENTATIONS = YES;
				CLANG_WARN_DIRECT_OBJC_ISA_USAGE = YES_ERROR;
				CLANG_WARN_DOCUMENTATION_COMMENTS = YES;
				CLANG_WARN_EMPTY_BODY = YES;
				CLANG_WARN_ENUM_CONVERSION = YES;
				CLANG_WARN_INFINITE_RECURSION = YES;
				CLANG_WARN_INT_CONVERSION = YES;
				CLANG_WARN_NON_LITERAL_NULL_CONVERSION = YES;
				CLANG_WARN_OBJC_IMPLICIT_RETAIN_SELF = YES;
				CLANG_WARN_OBJC_LITERAL_CONVERSION = YES;
				CLANG_WARN_OBJC_ROOT_CLASS = YES_ERROR;
				CLANG_WARN_QUOTED_INCLUDE_IN_FRAMEWORK_HEADER = YES;
				CLANG_WARN_RANGE_LOOP_ANALYSIS = YES;
				CLANG_WARN_STRICT_PROTOTYPES = YES;
				CLANG_WARN_SUSPICIOUS_MOVE = YES;
				CLANG_WARN_UNGUARDED_AVAILABILITY = YES_AGGRESSIVE;
				CLANG_WARN_UNREACHABLE_CODE = YES;
				CLANG_WARN__DUPLICATE_METHOD_MATCH = YES;
				COPY_PHASE_STRIP = NO;
				DEBUG_INFORMATION_FORMAT = dwarf;
				ENABLE_STRICT_OBJC_MSGSEND = YES;
				ENABLE_TESTABILITY = YES;
				GCC_C_LANGUAGE_STANDARD = gnu11;
				GCC_DYNAMIC_NO_PIC = NO;
				GCC_NO_COMMON_BLOCKS = YES;
				GCC_OPTIMIZATION_LEVEL = 0;
				GCC_PREPROCESSOR_DEFINITIONS = (
					"DEBUG=1",
					"$(inherited)",
				);
				GCC_WARN_64_TO_32_BIT_CONVERSION = YES;
				GCC_WARN_ABOUT_RETURN_TYPE = YES_ERROR;
				GCC_WARN_UNDECLARED_SELECTOR = YES;
				GCC_WARN_UNINITIALIZED_AUTOS = YES_AGGRESSIVE;
				GCC_WARN_UNUSED_FUNCTION = YES;
				GCC_WARN_UNUSED_VARIABLE = YES;
				MTL_ENABLE_DEBUG_INFO = INCLUDE_SOURCE;
				MTL_FAST_MATH = YES;
				ONLY_ACTIVE_ARCH = YES;
				PRODUCT_NAME = "$(TARGET_NAME)";
				SWIFT_ACTIVE_COMPILATION_CONDITIONS = DEBUG;
				SWIFT_OPTIMIZATION_LEVEL = "-Onone";
				SWIFT_VERSION = 5.0;
			};
			name = Debug;
		};
		BFEF4CC90FABCF53FFBED6EE /* Debug */ = {
			isa = XCBuildConfiguration;
			buildSettings = {
				CLANG_ENABLE_OBJC_WEAK = NO;
				GENERATE_INFOPLIST_FILE = YES;
				INFOPLIST_FILE = "";
				IPHONEOS_DEPLOYMENT_TARGET = 17.0;
				PRODUCT_BUNDLE_IDENTIFIER = com.prexus.ios.uitests;
				SDKROOT = iphoneos;
				SWIFT_VERSION = 5.0;
				TARGETED_DEVICE_FAMILY = 1;
				TEST_TARGET_NAME = PREXUS;
			};
			name = Debug;
		};
		C198AD09F8998E5803B6BA44 /* Debug */ = {
			isa = XCBuildConfiguration;
			buildSettings = {
				ASSETCATALOG_COMPILER_APPICON_NAME = AppIcon;
				ASSETCATALOG_COMPILER_GLOBAL_ACCENT_COLOR_NAME = AccentColor;
				CLANG_ENABLE_OBJC_WEAK = NO;
				CODE_SIGN_STYLE = Automatic;
				DEVELOPMENT_TEAM = "";
				GENERATE_INFOPLIST_FILE = NO;
				INFOPLIST_FILE = PREXUS/Resources/Info.plist;
				IPHONEOS_DEPLOYMENT_TARGET = 17.0;
				LD_RUNPATH_SEARCH_PATHS = "$(inherited) @executable_path/Frameworks";
				PRODUCT_BUNDLE_IDENTIFIER = com.prexus.ios;
				SDKROOT = iphoneos;
				SWIFT_EMIT_LOC_STRINGS = NO;
				SWIFT_VERSION = 5.0;
				TARGETED_DEVICE_FAMILY = 1;
			};
			name = Debug;
		};
		F2D0BFAF2F1A2769D1B8269F /* Release */ = {
			isa = XCBuildConfiguration;
			buildSettings = {
				ALWAYS_SEARCH_USER_PATHS = NO;
				CLANG_ANALYZER_NONNULL = YES;
				CLANG_ANALYZER_NUMBER_OBJECT_CONVERSION = YES_AGGRESSIVE;
				CLANG_CXX_LANGUAGE_STANDARD = "gnu++14";
				CLANG_CXX_LIBRARY = "libc++";
				CLANG_ENABLE_MODULES = YES;
				CLANG_ENABLE_OBJC_ARC = YES;
				CLANG_ENABLE_OBJC_WEAK = YES;
				CLANG_WARN_BLOCK_CAPTURE_AUTORELEASING = YES;
				CLANG_WARN_BOOL_CONVERSION = YES;
				CLANG_WARN_COMMA = YES;
				CLANG_WARN_CONSTANT_CONVERSION = YES;
				CLANG_WARN_DEPRECATED_OBJC_IMPLEMENTATIONS = YES;
				CLANG_WARN_DIRECT_OBJC_ISA_USAGE = YES_ERROR;
				CLANG_WARN_DOCUMENTATION_COMMENTS = YES;
				CLANG_WARN_EMPTY_BODY = YES;
				CLANG_WARN_ENUM_CONVERSION = YES;
				CLANG_WARN_INFINITE_RECURSION = YES;
				CLANG_WARN_INT_CONVERSION = YES;
				CLANG_WARN_NON_LITERAL_NULL_CONVERSION = YES;
				CLANG_WARN_OBJC_IMPLICIT_RETAIN_SELF = YES;
				CLANG_WARN_OBJC_LITERAL_CONVERSION = YES;
				CLANG_WARN_OBJC_ROOT_CLASS = YES_ERROR;
				CLANG_WARN_QUOTED_INCLUDE_IN_FRAMEWORK_HEADER = YES;
				CLANG_WARN_RANGE_LOOP_ANALYSIS = YES;
				CLANG_WARN_STRICT_PROTOTYPES = YES;
				CLANG_WARN_SUSPICIOUS_MOVE = YES;
				CLANG_WARN_UNGUARDED_AVAILABILITY = YES_AGGRESSIVE;
				CLANG_WARN_UNREACHABLE_CODE = YES;
				CLANG_WARN__DUPLICATE_METHOD_MATCH = YES;
				COPY_PHASE_STRIP = NO;
				DEBUG_INFORMATION_FORMAT = "dwarf-with-dsym";
				ENABLE_NS_ASSERTIONS = NO;
				ENABLE_STRICT_OBJC_MSGSEND = YES;
				GCC_C_LANGUAGE_STANDARD = gnu11;
				GCC_NO_COMMON_BLOCKS = YES;
				GCC_WARN_64_TO_32_BIT_CONVERSION = YES;
				GCC_WARN_ABOUT_RETURN_TYPE = YES_ERROR;
				GCC_WARN_UNDECLARED_SELECTOR = YES;
				GCC_WARN_UNINITIALIZED_AUTOS = YES_AGGRESSIVE;
				GCC_WARN_UNUSED_FUNCTION = YES;
				GCC_WARN_UNUSED_VARIABLE = YES;
				MTL_ENABLE_DEBUG_INFO = NO;
				MTL_FAST_MATH = YES;
				PRODUCT_NAME = "$(TARGET_NAME)";
				SWIFT_COMPILATION_MODE = wholemodule;
				SWIFT_OPTIMIZATION_LEVEL = "-O";
				SWIFT_VERSION = 5.0;
			};
			name = Release;
		};
/* End XCBuildConfiguration section */

/* Begin XCConfigurationList section */
		500BD05BE36A6D18CCF0C6D3 /* Build configuration list for PBXNativeTarget "PREXUSTests" */ = {
			isa = XCConfigurationList;
			buildConfigurations = (
				45373A2565C3940DD4F88FA3 /* Release */,
				38B49DF1DFBB235EDE5D062B /* Debug */,
			);
			defaultConfigurationIsVisible = 0;
			defaultConfigurationName = Release;
		};
		92365CF49DB37B52ABE7E408 /* Build configuration list for PBXNativeTarget "PREXUS" */ = {
			isa = XCConfigurationList;
			buildConfigurations = (
				9D5B7D7E0965330E1C08D5C7 /* Release */,
				C198AD09F8998E5803B6BA44 /* Debug */,
			);
			defaultConfigurationIsVisible = 0;
			defaultConfigurationName = Release;
		};
		B5ED82814D2F5E30A3F5239F /* Build configuration list for PBXProject "PREXUS" */ = {
			isa = XCConfigurationList;
			buildConfigurations = (
				AB5FC98B9302F32EE37FC495 /* Debug */,
				F2D0BFAF2F1A2769D1B8269F /* Release */,
			);
			defaultConfigurationIsVisible = 0;
			defaultConfigurationName = Release;
		};
		DD06DF987B5799A69C20B3FB /* Build configuration list for PBXNativeTarget "PREXUSUITests" */ = {
			isa = XCConfigurationList;
			buildConfigurations = (
				16DA8F8DD83A45C6B355B501 /* Release */,
				BFEF4CC90FABCF53FFBED6EE /* Debug */,
			);
			defaultConfigurationIsVisible = 0;
			defaultConfigurationName = Release;
		};
/* End XCConfigurationList section */
	};
	rootObject = 4A4E353E0CC1D870E52D0D76 /* Project object */;
}
