// !$*UTF8*$!
{
	archiveVersion = 1;
	classes = {
	};
	objectVersion = 46;
	objects = {

/* Begin PBXBuildFile section */
		0199D1FCDEEA692FEB729612 /* IntentClassifier.swift in Sources */ = {isa = PBXBuildFile; fileRef = A6312B136AD3B4CE45826037 /* IntentClassifier.swift */; };
		0BABAB7BAB3B5693ACEB7784 /* RankingEngine.swift in Sources */ = {isa = PBXBuildFile; fileRef = 7C2BDD9C2A77FA7D48D066B6 /* RankingEngine.swift */; };
		266204BE8D22246217ED3578 /* AppSettingsStore.swift in Sources */ = {isa = PBXBuildFile; fileRef = 8C3E2748FE444B4DEC1DC2C0 /* AppSettingsStore.swift */; };
		29239FC4E98B545314F2B98C /* PREXUSApp.swift in Sources */ = {isa = PBXBuildFile; fileRef = 1AB8ADDF95F5F6FA7DACCA67 /* PREXUSApp.swift */; };
		33AF71A522A6B99D54AA139E /* AppConfig.swift in Sources */ = {isa = PBXBuildFile; fileRef = 091B87ECA154FE0F90F463BD /* AppConfig.swift */; };
		39AB09F56408BA3D8538DC2D /* HTTPTransport.swift in Sources */ = {isa = PBXBuildFile; fileRef = 30700F1E2BB03634190A4F3E /* HTTPTransport.swift */; };
		3C9D707D66A80CFE88E892DC /* ProviderAdapter.swift in Sources */ = {isa = PBXBuildFile; fileRef = 2D5F50DAEF650E5BDD9491D1 /* ProviderAdapter.swift */; };
		4646F97640B7B687AE9959E9 /* EpisodicMemoryStore.swift in Sources */ = {isa = PBXBuildFile; fileRef = 7F4DB224465FC77ECFB10BAF /* EpisodicMemoryStore.swift */; };
		473AF0B8A81CC175B40C4084 /* OCRProcessor.swift in Sources */ = {isa = PBXBuildFile; fileRef = 293FA132BB736D465CC0E847 /* OCRProcessor.swift */; };
		47CF42F057B41B4F40237786 /* ContextCompressor.swift in Sources */ = {isa = PBXBuildFile; fileRef = 220293A2762AF405E347D873 /* ContextCompressor.swift */; };
		4C9C307326877C4189D4B230 /* DocumentIndexer.swift in Sources */ = {isa = PBXBuildFile; fileRef = 05969B5E4969945068D81002 /* DocumentIndexer.swift */; };
		556064EC7E3D0482B713FE03 /* MemoryRetrieval.swift in Sources */ = {isa = PBXBuildFile; fileRef = 120D615B95A692389A020119 /* MemoryRetrieval.swift */; };
		56262EFDA60216F4A1D45E58 /* CloudModelClient.swift in Sources */ = {isa = PBXBuildFile; fileRef = 43294C0534F2FAB9926DAED5 /* CloudModelClient.swift */; };
		571B35CCE7B6DAD192A3EB24 /* ChatMessage.swift in Sources */ = {isa = PBXBuildFile; fileRef = A744EB7098CC26EC882FB72D /* ChatMessage.swift */; };
		596F4EF62FCA5B8665B1B339 /* MemoryLibraryView.swift in Sources */ = {isa = PBXBuildFile; fileRef = 2083F27AB54F106D26422D8A /* MemoryLibraryView.swift */; };
		5B4E0636A9270457BAA1E203 /* AudioInputProcessor.swift in Sources */ = {isa = PBXBuildFile; fileRef = 8CB2864DED241EE2A95BB71F /* AudioInputProcessor.swift */; };
		6944EB6FB4BE430069B8E643 /* ChatView.swift in Sources */ = {isa = PBXBuildFile; fileRef = 4464CCCD5A0DC849605BC10E /* ChatView.swift */; };
		6C1F840719CC986F4C51F2E1 /* RouteDecision.swift in Sources */ = {isa = PBXBuildFile; fileRef = A8ED8F01B92159F36DB1D466 /* RouteDecision.swift */; };
		6D6DC42AB4E9AD3AA42A97B5 /* RuntimeTurnExecutor.swift in Sources */ = {isa = PBXBuildFile; fileRef = 9FFB52AAB25A750C41DB4F68 /* RuntimeTurnExecutor.swift */; };
		7759704231B58CCE53198EBB /* SensorSignalProvider.swift in Sources */ = {isa = PBXBuildFile; fileRef = BB3F3047ED3CE74269308398 /* SensorSignalProvider.swift */; };
		790FD6AC76737FE5BC1BBDC1 /* EmbeddingProvider.swift in Sources */ = {isa = PBXBuildFile; fileRef = 409E7B5389F8C6638AED728B /* EmbeddingProvider.swift */; };
		83BE8A2024B7F546E0FB29E5 /* VisionAnalyzer.swift in Sources */ = {isa = PBXBuildFile; fileRef = 258D4B0256B777E860998E81 /* VisionAnalyzer.swift */; };
		8CD3BE57813D9EB7EE04C310 /* Foundation.framework in Frameworks */ = {isa = PBXBuildFile; fileRef = D978720C38EB6F658E087D44 /* Foundation.framework */; };
		987A5D36A3388CA2C11BC724 /* RootView.swift in Sources */ = {isa = PBXBuildFile; fileRef = 4B4F8173E33C8CC11F372D3C /* RootView.swift */; };
		A9415E23D87E25D5B112765E /* LocalModelClient.swift in Sources */ = {isa = PBXBuildFile; fileRef = C5E2109B32237BD49EF46228 /* LocalModelClient.swift */; };
		B7AD804A5CB232CE4A8F3707 /* ExecutionPolicy.swift in Sources */ = {isa = PBXBuildFile; fileRef = 68CA6CD15E97F5DAA59B5A5A /* ExecutionPolicy.swift */; };
		B857AA53CCEBE52C22DEC539 /* AppEnvironment.swift in Sources */ = {isa = PBXBuildFile; fileRef = 18C968FA93C797B17D099FB4 /* AppEnvironment.swift */; };
		BCD7A8EE55736B5C5D36F58F /* SettingsView.swift in Sources */ = {isa = PBXBuildFile; fileRef = A778A53C1C785AE1866F1BAA /* SettingsView.swift */; };
		C1DAA10A2B2C33D237CA5884 /* APIKeyStore.swift in Sources */ = {isa = PBXBuildFile; fileRef = 10E8ECA6A49942F6AD8B0EC2 /* APIKeyStore.swift */; };
		C33291D702B8E4287E0AD042 /* RetrievalEngine.swift in Sources */ = {isa = PBXBuildFile; fileRef = 601E9DC25FD1F31D5AC2316C /* RetrievalEngine.swift */; };
		C490C516A3247FDEF998135F /* RuntimeContainer.swift in Sources */ = {isa = PBXBuildFile; fileRef = 605112FF519807A60D106EC8 /* RuntimeContainer.swift */; };
		C78CFCD551023526788CD26F /* MemoryLibraryViewModel.swift in Sources */ = {isa = PBXBuildFile; fileRef = A23B01B536B59A4F3EDDD34B /* MemoryLibraryViewModel.swift */; };
		D73C979408CED59F108DE1F5 /* Foundation.framework in Frameworks */ = {isa = PBXBuildFile; fileRef = D978720C38EB6F658E087D44 /* Foundation.framework */; };
		D843B8460CE62707537385B1 /* PromptTemplate.swift in Sources */ = {isa = PBXBuildFile; fileRef = F8212FC431E75B7DC598FC11 /* PromptTemplate.swift */; };
		DFBA64E74921F206BE7F7447 /* ChatViewModel.swift in Sources */ = {isa = PBXBuildFile; fileRef = 3CD3694D7B812F2B4FE3E2CC /* ChatViewModel.swift */; };
		E352FA6BD6A66FAB552629CD /* EscalationCoordinator.swift in Sources */ = {isa = PBXBuildFile; fileRef = A9512A9B9F4E1DDE37E54180 /* EscalationCoordinator.swift */; };
		E8C2416F20CDFDCD092B2AF6 /* PersistentMemoryStore.swift in Sources */ = {isa = PBXBuildFile; fileRef = 214ADAC0454DEED417D1A444 /* PersistentMemoryStore.swift */; };
		EF0BF78F359BBDDEE372B31E /* RoutingEngine.swift in Sources */ = {isa = PBXBuildFile; fileRef = 5819535380704516BE923687 /* RoutingEngine.swift */; };
		F6AF4F13FFD760948B205D29 /* PREXUSTests.swift in Sources */ = {isa = PBXBuildFile; fileRef = B74035483118DA3A8C2E860E /* PREXUSTests.swift */; };
/* End PBXBuildFile section */

/* Begin PBXContainerItemProxy section */
		5620D343068B10A0B3B6ED72 /* PBXContainerItemProxy */ = {
			isa = PBXContainerItemProxy;
			containerPortal = A7055A25EAB2BA6061DBFA85 /* Project object */;
			proxyType = 1;
			remoteGlobalIDString = A149DC6240D4C9B4253D0A09;
			remoteInfo = PREXUS;
		};
/* End PBXContainerItemProxy section */

/* Begin PBXFileReference section */
		05969B5E4969945068D81002 /* DocumentIndexer.swift */ = {isa = PBXFileReference; includeInIndex = 1; lastKnownFileType = sourcecode.swift; path = DocumentIndexer.swift; sourceTree = "<group>"; };
		091B87ECA154FE0F90F463BD /* AppConfig.swift */ = {isa = PBXFileReference; includeInIndex = 1; lastKnownFileType = sourcecode.swift; path = AppConfig.swift; sourceTree = "<group>"; };
		10E8ECA6A49942F6AD8B0EC2 /* APIKeyStore.swift */ = {isa = PBXFileReference; includeInIndex = 1; lastKnownFileType = sourcecode.swift; path = APIKeyStore.swift; sourceTree = "<group>"; };
		120D615B95A692389A020119 /* MemoryRetrieval.swift */ = {isa = PBXFileReference; includeInIndex = 1; lastKnownFileType = sourcecode.swift; path = MemoryRetrieval.swift; sourceTree = "<group>"; };
		18C968FA93C797B17D099FB4 /* AppEnvironment.swift */ = {isa = PBXFileReference; includeInIndex = 1; lastKnownFileType = sourcecode.swift; path = AppEnvironment.swift; sourceTree = "<group>"; };
		1AB8ADDF95F5F6FA7DACCA67 /* PREXUSApp.swift */ = {isa = PBXFileReference; includeInIndex = 1; lastKnownFileType = sourcecode.swift; path = PREXUSApp.swift; sourceTree = "<group>"; };
		2083F27AB54F106D26422D8A /* MemoryLibraryView.swift */ = {isa = PBXFileReference; includeInIndex = 1; lastKnownFileType = sourcecode.swift; path = MemoryLibraryView.swift; sourceTree = "<group>"; };
		214ADAC0454DEED417D1A444 /* PersistentMemoryStore.swift */ = {isa = PBXFileReference; includeInIndex = 1; lastKnownFileType = sourcecode.swift; path = PersistentMemoryStore.swift; sourceTree = "<group>"; };
		220293A2762AF405E347D873 /* ContextCompressor.swift */ = {isa = PBXFileReference; includeInIndex = 1; lastKnownFileType = sourcecode.swift; path = ContextCompressor.swift; sourceTree = "<group>"; };
		258D4B0256B777E860998E81 /* VisionAnalyzer.swift */ = {isa = PBXFileReference; includeInIndex = 1; lastKnownFileType = sourcecode.swift; path = VisionAnalyzer.swift; sourceTree = "<group>"; };
		293FA132BB736D465CC0E847 /* OCRProcessor.swift */ = {isa = PBXFileReference; includeInIndex = 1; lastKnownFileType = sourcecode.swift; path = OCRProcessor.swift; sourceTree = "<group>"; };
		2D5F50DAEF650E5BDD9491D1 /* ProviderAdapter.swift */ = {isa = PBXFileReference; includeInIndex = 1; lastKnownFileType = sourcecode.swift; path = ProviderAdapter.swift; sourceTree = "<group>"; };
		30700F1E2BB03634190A4F3E /* HTTPTransport.swift */ = {isa = PBXFileReference; includeInIndex = 1; lastKnownFileType = sourcecode.swift; path = HTTPTransport.swift; sourceTree = "<group>"; };
		3CD3694D7B812F2B4FE3E2CC /* ChatViewModel.swift */ = {isa = PBXFileReference; includeInIndex = 1; lastKnownFileType = sourcecode.swift; path = ChatViewModel.swift; sourceTree = "<group>"; };
		409E7B5389F8C6638AED728B /* EmbeddingProvider.swift */ = {isa = PBXFileReference; includeInIndex = 1; lastKnownFileType = sourcecode.swift; path = EmbeddingProvider.swift; sourceTree = "<group>"; };
		43294C0534F2FAB9926DAED5 /* CloudModelClient.swift */ = {isa = PBXFileReference; includeInIndex = 1; lastKnownFileType = sourcecode.swift; path = CloudModelClient.swift; sourceTree = "<group>"; };
		4464CCCD5A0DC849605BC10E /* ChatView.swift */ = {isa = PBXFileReference; includeInIndex = 1; lastKnownFileType = sourcecode.swift; path = ChatView.swift; sourceTree = "<group>"; };
		4B4F8173E33C8CC11F372D3C /* RootView.swift */ = {isa = PBXFileReference; includeInIndex = 1; lastKnownFileType = sourcecode.swift; path = RootView.swift; sourceTree = "<group>"; };
		5819535380704516BE923687 /* RoutingEngine.swift */ = {isa = PBXFileReference; includeInIndex = 1; lastKnownFileType = sourcecode.swift; path = RoutingEngine.swift; sourceTree = "<group>"; };
		601E9DC25FD1F31D5AC2316C /* RetrievalEngine.swift */ = {isa = PBXFileReference; includeInIndex = 1; lastKnownFileType = sourcecode.swift; path = RetrievalEngine.swift; sourceTree = "<group>"; };
		605112FF519807A60D106EC8 /* RuntimeContainer.swift */ = {isa = PBXFileReference; includeInIndex = 1; lastKnownFileType = sourcecode.swift; path = RuntimeContainer.swift; sourceTree = "<group>"; };
		68CA6CD15E97F5DAA59B5A5A /* ExecutionPolicy.swift */ = {isa = PBXFileReference; includeInIndex = 1; lastKnownFileType = sourcecode.swift; path = ExecutionPolicy.swift; sourceTree = "<group>"; };
		7C2BDD9C2A77FA7D48D066B6 /* RankingEngine.swift */ = {isa = PBXFileReference; includeInIndex = 1; lastKnownFileType = sourcecode.swift; path = RankingEngine.swift; sourceTree = "<group>"; };
		7F4DB224465FC77ECFB10BAF /* EpisodicMemoryStore.swift */ = {isa = PBXFileReference; includeInIndex = 1; lastKnownFileType = sourcecode.swift; path = EpisodicMemoryStore.swift; sourceTree = "<group>"; };
		8B07FBA1449C45ACC92AA6E8 /* PREXUS.app */ = {isa = PBXFileReference; explicitFileType = wrapper.application; includeInIndex = 0; name = PREXUS.app; path = PREXUS.app; sourceTree = BUILT_PRODUCTS_DIR; };
		8C3E2748FE444B4DEC1DC2C0 /* AppSettingsStore.swift */ = {isa = PBXFileReference; includeInIndex = 1; lastKnownFileType = sourcecode.swift; path = AppSettingsStore.swift; sourceTree = "<group>"; };
		8CB2864DED241EE2A95BB71F /* AudioInputProcessor.swift */ = {isa = PBXFileReference; includeInIndex = 1; lastKnownFileType = sourcecode.swift; path = AudioInputProcessor.swift; sourceTree = "<group>"; };
		9FFB52AAB25A750C41DB4F68 /* RuntimeTurnExecutor.swift */ = {isa = PBXFileReference; includeInIndex = 1; lastKnownFileType = sourcecode.swift; path = RuntimeTurnExecutor.swift; sourceTree = "<group>"; };
		A23B01B536B59A4F3EDDD34B /* MemoryLibraryViewModel.swift */ = {isa = PBXFileReference; includeInIndex = 1; lastKnownFileType = sourcecode.swift; path = MemoryLibraryViewModel.swift; sourceTree = "<group>"; };
		A6312B136AD3B4CE45826037 /* IntentClassifier.swift */ = {isa = PBXFileReference; includeInIndex = 1; lastKnownFileType = sourcecode.swift; path = IntentClassifier.swift; sourceTree = "<group>"; };
		A744EB7098CC26EC882FB72D /* ChatMessage.swift */ = {isa = PBXFileReference; includeInIndex = 1; lastKnownFileType = sourcecode.swift; path = ChatMessage.swift; sourceTree = "<group>"; };
		A778A53C1C785AE1866F1BAA /* SettingsView.swift */ = {isa = PBXFileReference; includeInIndex = 1; lastKnownFileType = sourcecode.swift; path = SettingsView.swift; sourceTree = "<group>"; };
		A8ED8F01B92159F36DB1D466 /* RouteDecision.swift */ = {isa = PBXFileReference; includeInIndex = 1; lastKnownFileType = sourcecode.swift; path = RouteDecision.swift; sourceTree = "<group>"; };
		A9512A9B9F4E1DDE37E54180 /* EscalationCoordinator.swift */ = {isa = PBXFileReference; includeInIndex = 1; lastKnownFileType = sourcecode.swift; path = EscalationCoordinator.swift; sourceTree = "<group>"; };
		B08831C33DCA8D7D4700D001 /* PREXUSTests.xctest */ = {isa = PBXFileReference; explicitFileType = wrapper.cfbundle; includeInIndex = 0; name = PREXUSTests.xctest; path = PREXUSTests.xctest; sourceTree = BUILT_PRODUCTS_DIR; };
		B74035483118DA3A8C2E860E /* PREXUSTests.swift */ = {isa = PBXFileReference; includeInIndex = 1; lastKnownFileType = sourcecode.swift; path = PREXUSTests.swift; sourceTree = "<group>"; };
		BB3F3047ED3CE74269308398 /* SensorSignalProvider.swift */ = {isa = PBXFileReference; includeInIndex = 1; lastKnownFileType = sourcecode.swift; path = SensorSignalProvider.swift; sourceTree = "<group>"; };
		C5E2109B32237BD49EF46228 /* LocalModelClient.swift */ = {isa = PBXFileReference; includeInIndex = 1; lastKnownFileType = sourcecode.swift; path = LocalModelClient.swift; sourceTree = "<group>"; };
		D978720C38EB6F658E087D44 /* Foundation.framework */ = {isa = PBXFileReference; lastKnownFileType = wrapper.framework; name = Foundation.framework; path = Platforms/iPhoneOS.platform/Developer/SDKs/iPhoneOS18.0.sdk/System/Library/Frameworks/Foundation.framework; sourceTree = DEVELOPER_DIR; };
		F8212FC431E75B7DC598FC11 /* PromptTemplate.swift */ = {isa = PBXFileReference; includeInIndex = 1; lastKnownFileType = sourcecode.swift; path = PromptTemplate.swift; sourceTree = "<group>"; };
/* End PBXFileReference section */

/* Begin PBXFrameworksBuildPhase section */
		6315CDC147CE7F339B84F2A2 /* Frameworks */ = {
			isa = PBXFrameworksBuildPhase;
			buildActionMask = 2147483647;
			files = (
				D73C979408CED59F108DE1F5 /* Foundation.framework in Frameworks */,
			);
			runOnlyForDeploymentPostprocessing = 0;
		};
		964BA53D727491A73DEAD20F /* Frameworks */ = {
			isa = PBXFrameworksBuildPhase;
			buildActionMask = 2147483647;
			files = (
				8CD3BE57813D9EB7EE04C310 /* Foundation.framework in Frameworks */,
			);
			runOnlyForDeploymentPostprocessing = 0;
		};
/* End PBXFrameworksBuildPhase section */

/* Begin PBXGroup section */
		00502E087FF0CA060A77AC87 /* shared */ = {
			isa = PBXGroup;
			children = (
			);
			name = shared;
			path = ../shared;
			sourceTree = "<group>";
		};
		06E8BF040B445FD88CD7991C /* multimodal */ = {
			isa = PBXGroup;
			children = (
				0AB27D89140834F30F307AF4 /* sensors */,
				09C5ECF7707691CCE5D51954 /* ocr */,
				65E02AF7D74D342BBCE66CC1 /* vision */,
				09CA1D0BE9B5C74902BFD10D /* audio */,
			);
			name = multimodal;
			path = multimodal;
			sourceTree = "<group>";
		};
		087764CAC06CCA9E2F0D556A /* retrieval */ = {
			isa = PBXGroup;
			children = (
				601E9DC25FD1F31D5AC2316C /* RetrievalEngine.swift */,
			);
			name = retrieval;
			path = retrieval;
			sourceTree = "<group>";
		};
		08D084131D19F5859F7DD163 /* memory */ = {
			isa = PBXGroup;
			children = (
				FE18198565E54A29DF9A001B /* embeddings */,
				B8DF9626CBEA34FEA75BB04A /* episodic */,
				6D40079265F39A6DA1264F99 /* vector_store */,
				BB6D69E3BCE564D20E397C89 /* compression */,
			);
			name = memory;
			path = memory;
			sourceTree = "<group>";
		};
		09C5ECF7707691CCE5D51954 /* ocr */ = {
			isa = PBXGroup;
			children = (
				293FA132BB736D465CC0E847 /* OCRProcessor.swift */,
			);
			name = ocr;
			path = ocr;
			sourceTree = "<group>";
		};
		09CA1D0BE9B5C74902BFD10D /* audio */ = {
			isa = PBXGroup;
			children = (
				8CB2864DED241EE2A95BB71F /* AudioInputProcessor.swift */,
			);
			name = audio;
			path = audio;
			sourceTree = "<group>";
		};
		0AB27D89140834F30F307AF4 /* sensors */ = {
			isa = PBXGroup;
			children = (
				BB3F3047ED3CE74269308398 /* SensorSignalProvider.swift */,
			);
			name = sensors;
			path = sensors;
			sourceTree = "<group>";
		};
		0E26794CBBEBF1AE64C6336D /* runtime */ = {
			isa = PBXGroup;
			children = (
				4F3CCB3A5AF4AB2ED234A1CD /* llm */,
				08D084131D19F5859F7DD163 /* memory */,
				FD19E9CCDF1B2A063BAE4E1E /* rag */,
				06E8BF040B445FD88CD7991C /* multimodal */,
				AB699471384E72E54BAE1CFE /* orchestrator */,
			);
			name = runtime;
			path = ../../runtime;
			sourceTree = "<group>";
		};
		1C38DCC989E22D717B73C6FD /* policies */ = {
			isa = PBXGroup;
			children = (
				68CA6CD15E97F5DAA59B5A5A /* ExecutionPolicy.swift */,
			);
			name = policies;
			path = policies;
			sourceTree = "<group>";
		};
		259AB8D8FFEF713A08E5EDAE /* Config */ = {
			isa = PBXGroup;
			children = (
				091B87ECA154FE0F90F463BD /* AppConfig.swift */,
			);
			name = Config;
			path = Config;
			sourceTree = "<group>";
		};
		294A07EB95A0146B9787159B /* adapters */ = {
			isa = PBXGroup;
			children = (
				2D5F50DAEF650E5BDD9491D1 /* ProviderAdapter.swift */,
			);
			name = adapters;
			path = adapters;
			sourceTree = "<group>";
		};
		35622AF9199D18C2C61CD679 /* prompts */ = {
			isa = PBXGroup;
			children = (
				F8212FC431E75B7DC598FC11 /* PromptTemplate.swift */,
			);
			name = prompts;
			path = prompts;
			sourceTree = "<group>";
		};
		4F3CCB3A5AF4AB2ED234A1CD /* llm */ = {
			isa = PBXGroup;
			children = (
				CAE61FD4F48EFEBD848ABE13 /* local */,
				294A07EB95A0146B9787159B /* adapters */,
				C7D9EDEFFA9B058E40DAAC7A /* cloud */,
				35622AF9199D18C2C61CD679 /* prompts */,
			);
			name = llm;
			path = llm;
			sourceTree = "<group>";
		};
		51EACECA5C40F04ABE7A3C21 /* indexing */ = {
			isa = PBXGroup;
			children = (
				05969B5E4969945068D81002 /* DocumentIndexer.swift */,
			);
			name = indexing;
			path = indexing;
			sourceTree = "<group>";
		};
		56D7EF50E7DE0C73E50FB7F7 /* escalation */ = {
			isa = PBXGroup;
			children = (
				A9512A9B9F4E1DDE37E54180 /* EscalationCoordinator.swift */,
			);
			name = escalation;
			path = escalation;
			sourceTree = "<group>";
		};
		5D99AF5B979D743F697EF841 /* Products */ = {
			isa = PBXGroup;
			children = (
				8B07FBA1449C45ACC92AA6E8 /* PREXUS.app */,
				B08831C33DCA8D7D4700D001 /* PREXUSTests.xctest */,
			);
			name = Products;
			sourceTree = "<group>";
		};
		643344BEEFD693FA1BAF3544 /* Memory */ = {
			isa = PBXGroup;
			children = (
				A23B01B536B59A4F3EDDD34B /* MemoryLibraryViewModel.swift */,
				2083F27AB54F106D26422D8A /* MemoryLibraryView.swift */,
			);
			name = Memory;
			path = Memory;
			sourceTree = "<group>";
		};
		65E02AF7D74D342BBCE66CC1 /* vision */ = {
			isa = PBXGroup;
			children = (
				258D4B0256B777E860998E81 /* VisionAnalyzer.swift */,
			);
			name = vision;
			path = vision;
			sourceTree = "<group>";
		};
		6BF3E353149945D3F789B8FD /* ranking */ = {
			isa = PBXGroup;
			children = (
				7C2BDD9C2A77FA7D48D066B6 /* RankingEngine.swift */,
			);
			name = ranking;
			path = ranking;
			sourceTree = "<group>";
		};
		6D40079265F39A6DA1264F99 /* vector_store */ = {
			isa = PBXGroup;
			children = (
				120D615B95A692389A020119 /* MemoryRetrieval.swift */,
			);
			name = vector_store;
			path = vector_store;
			sourceTree = "<group>";
		};
		80FC668AF140AC89CB8170B7 /* UI */ = {
			isa = PBXGroup;
			children = (
				A778A53C1C785AE1866F1BAA /* SettingsView.swift */,
				4B4F8173E33C8CC11F372D3C /* RootView.swift */,
			);
			name = UI;
			path = UI;
			sourceTree = "<group>";
		};
		82C12AD6ECE45843D28204D8 /* iOS */ = {
			isa = PBXGroup;
			children = (
				D978720C38EB6F658E087D44 /* Foundation.framework */,
			);
			name = iOS;
			sourceTree = "<group>";
		};
		91B1411B3AA48BEC86F32A24 /* Services */ = {
			isa = PBXGroup;
			children = (
				8C3E2748FE444B4DEC1DC2C0 /* AppSettingsStore.swift */,
				10E8ECA6A49942F6AD8B0EC2 /* APIKeyStore.swift */,
				214ADAC0454DEED417D1A444 /* PersistentMemoryStore.swift */,
			);
			name = Services;
			path = Services;
			sourceTree = "<group>";
		};
		9317FDDFDA32D52AD841FE67 /* App */ = {
			isa = PBXGroup;
			children = (
				1AB8ADDF95F5F6FA7DACCA67 /* PREXUSApp.swift */,
				18C968FA93C797B17D099FB4 /* AppEnvironment.swift */,
			);
			name = App;
			path = App;
			sourceTree = "<group>";
		};
		966F62493AAF9ED027929675 /* Frameworks */ = {
			isa = PBXGroup;
			children = (
				82C12AD6ECE45843D28204D8 /* iOS */,
			);
			name = Frameworks;
			sourceTree = "<group>";
		};
		9724B8DEFEC350217B4D70EE /* PREXUS */ = {
			isa = PBXGroup;
			children = (
				80FC668AF140AC89CB8170B7 /* UI */,
				D0DA259837C15E8FCC1DB0DE /* Core */,
				9317FDDFDA32D52AD841FE67 /* App */,
				259AB8D8FFEF713A08E5EDAE /* Config */,
				9A44F4F252CE079E8560A41A /* Features */,
				FE0540ABCD34FFE0D7BE7E34 /* Models */,
				91B1411B3AA48BEC86F32A24 /* Services */,
				E5149329FC2000E5871A5CFB /* Resources */,
			);
			name = PREXUS;
			path = PREXUS;
			sourceTree = "<group>";
		};
		9A44F4F252CE079E8560A41A /* Features */ = {
			isa = PBXGroup;
			children = (
				643344BEEFD693FA1BAF3544 /* Memory */,
				C12F9D2E056BA97C8FC40259 /* Chat */,
			);
			name = Features;
			path = Features;
			sourceTree = "<group>";
		};
		9B8E919604318B33709EE402 = {
			isa = PBXGroup;
			children = (
				5D99AF5B979D743F697EF841 /* Products */,
				966F62493AAF9ED027929675 /* Frameworks */,
				9724B8DEFEC350217B4D70EE /* PREXUS */,
				0E26794CBBEBF1AE64C6336D /* runtime */,
				00502E087FF0CA060A77AC87 /* shared */,
				FF5E75CEFDCF7634F49ED070 /* PREXUSTests */,
			);
			sourceTree = "<group>";
		};
		AB699471384E72E54BAE1CFE /* orchestrator */ = {
			isa = PBXGroup;
			children = (
				1C38DCC989E22D717B73C6FD /* policies */,
				BD7A8434F867493EC55BF768 /* intent */,
				56D7EF50E7DE0C73E50FB7F7 /* escalation */,
				F804BD1DA49DFD8BFCDD6289 /* router */,
			);
			name = orchestrator;
			path = orchestrator;
			sourceTree = "<group>";
		};
		B8DF9626CBEA34FEA75BB04A /* episodic */ = {
			isa = PBXGroup;
			children = (
				7F4DB224465FC77ECFB10BAF /* EpisodicMemoryStore.swift */,
			);
			name = episodic;
			path = episodic;
			sourceTree = "<group>";
		};
		BB6D69E3BCE564D20E397C89 /* compression */ = {
			isa = PBXGroup;
			children = (
				220293A2762AF405E347D873 /* ContextCompressor.swift */,
			);
			name = compression;
			path = compression;
			sourceTree = "<group>";
		};
		BD7A8434F867493EC55BF768 /* intent */ = {
			isa = PBXGroup;
			children = (
				A6312B136AD3B4CE45826037 /* IntentClassifier.swift */,
			);
			name = intent;
			path = intent;
			sourceTree = "<group>";
		};
		C12F9D2E056BA97C8FC40259 /* Chat */ = {
			isa = PBXGroup;
			children = (
				3CD3694D7B812F2B4FE3E2CC /* ChatViewModel.swift */,
				4464CCCD5A0DC849605BC10E /* ChatView.swift */,
			);
			name = Chat;
			path = Chat;
			sourceTree = "<group>";
		};
		C7D9EDEFFA9B058E40DAAC7A /* cloud */ = {
			isa = PBXGroup;
			children = (
				30700F1E2BB03634190A4F3E /* HTTPTransport.swift */,
				43294C0534F2FAB9926DAED5 /* CloudModelClient.swift */,
			);
			name = cloud;
			path = cloud;
			sourceTree = "<group>";
		};
		CAE61FD4F48EFEBD848ABE13 /* local */ = {
			isa = PBXGroup;
			children = (
				C5E2109B32237BD49EF46228 /* LocalModelClient.swift */,
			);
			name = local;
			path = local;
			sourceTree = "<group>";
		};
		D0DA259837C15E8FCC1DB0DE /* Core */ = {
			isa = PBXGroup;
			children = (
				605112FF519807A60D106EC8 /* RuntimeContainer.swift */,
				9FFB52AAB25A750C41DB4F68 /* RuntimeTurnExecutor.swift */,
			);
			name = Core;
			path = Core;
			sourceTree = "<group>";
		};
		E5149329FC2000E5871A5CFB /* Resources */ = {
			isa = PBXGroup;
			children = (
			);
			name = Resources;
			path = Resources;
			sourceTree = "<group>";
		};
		F804BD1DA49DFD8BFCDD6289 /* router */ = {
			isa = PBXGroup;
			children = (
				A8ED8F01B92159F36DB1D466 /* RouteDecision.swift */,
				5819535380704516BE923687 /* RoutingEngine.swift */,
			);
			name = router;
			path = router;
			sourceTree = "<group>";
		};
		FD19E9CCDF1B2A063BAE4E1E /* rag */ = {
			isa = PBXGroup;
			children = (
				6BF3E353149945D3F789B8FD /* ranking */,
				087764CAC06CCA9E2F0D556A /* retrieval */,
				51EACECA5C40F04ABE7A3C21 /* indexing */,
			);
			name = rag;
			path = rag;
			sourceTree = "<group>";
		};
		FE0540ABCD34FFE0D7BE7E34 /* Models */ = {
			isa = PBXGroup;
			children = (
				A744EB7098CC26EC882FB72D /* ChatMessage.swift */,
			);
			name = Models;
			path = Models;
			sourceTree = "<group>";
		};
		FE18198565E54A29DF9A001B /* embeddings */ = {
			isa = PBXGroup;
			children = (
				409E7B5389F8C6638AED728B /* EmbeddingProvider.swift */,
			);
			name = embeddings;
			path = embeddings;
			sourceTree = "<group>";
		};
		FF5E75CEFDCF7634F49ED070 /* PREXUSTests */ = {
			isa = PBXGroup;
			children = (
				B74035483118DA3A8C2E860E /* PREXUSTests.swift */,
			);
			name = PREXUSTests;
			path = PREXUSTests;
			sourceTree = "<group>";
		};
/* End PBXGroup section */

/* Begin PBXNativeTarget section */
		2477E68684752801365B16CC /* PREXUSTests */ = {
			isa = PBXNativeTarget;
			buildConfigurationList = 92223BA7E9E0BE36488CEEAD /* Build configuration list for PBXNativeTarget "PREXUSTests" */;
			buildPhases = (
				E6D1E88192BE641960CBD2C0 /* Sources */,
				964BA53D727491A73DEAD20F /* Frameworks */,
				EAAB662566044930FBB7A645 /* Resources */,
			);
			buildRules = (
			);
			dependencies = (
				1723227611C3C810FBED0B20 /* PBXTargetDependency */,
			);
			name = PREXUSTests;
			productName = PREXUSTests;
			productReference = B08831C33DCA8D7D4700D001 /* PREXUSTests.xctest */;
			productType = "com.apple.product-type.bundle.unit-test";
		};
		A149DC6240D4C9B4253D0A09 /* PREXUS */ = {
			isa = PBXNativeTarget;
			buildConfigurationList = 3D3AF24A79B31087E441661B /* Build configuration list for PBXNativeTarget "PREXUS" */;
			buildPhases = (
				6DED242B71DA337FCE62A698 /* Sources */,
				6315CDC147CE7F339B84F2A2 /* Frameworks */,
				72391C7DFE3CBABD608DF726 /* Resources */,
			);
			buildRules = (
			);
			dependencies = (
			);
			name = PREXUS;
			productName = PREXUS;
			productReference = 8B07FBA1449C45ACC92AA6E8 /* PREXUS.app */;
			productType = "com.apple.product-type.application";
		};
/* End PBXNativeTarget section */

/* Begin PBXProject section */
		A7055A25EAB2BA6061DBFA85 /* Project object */ = {
			isa = PBXProject;
			attributes = {
				LastSwiftUpdateCheck = 1600;
				LastUpgradeCheck = 1600;
			};
			buildConfigurationList = 7EABEE589C10C3D0E17B7E39 /* Build configuration list for PBXProject "PREXUS" */;
			compatibilityVersion = "Xcode 3.2";
			developmentRegion = en;
			hasScannedForEncodings = 0;
			knownRegions = (
				en,
				Base,
			);
			mainGroup = 9B8E919604318B33709EE402;
			minimizedProjectReferenceProxies = 0;
			preferredProjectObjectVersion = 77;
			productRefGroup = 5D99AF5B979D743F697EF841 /* Products */;
			projectDirPath = "";
			projectRoot = "";
			targets = (
				A149DC6240D4C9B4253D0A09 /* PREXUS */,
				2477E68684752801365B16CC /* PREXUSTests */,
			);
		};
/* End PBXProject section */

/* Begin PBXResourcesBuildPhase section */
		72391C7DFE3CBABD608DF726 /* Resources */ = {
			isa = PBXResourcesBuildPhase;
			buildActionMask = 2147483647;
			files = (
			);
			runOnlyForDeploymentPostprocessing = 0;
		};
		EAAB662566044930FBB7A645 /* Resources */ = {
			isa = PBXResourcesBuildPhase;
			buildActionMask = 2147483647;
			files = (
			);
			runOnlyForDeploymentPostprocessing = 0;
		};
/* End PBXResourcesBuildPhase section */

/* Begin PBXSourcesBuildPhase section */
		6DED242B71DA337FCE62A698 /* Sources */ = {
			isa = PBXSourcesBuildPhase;
			buildActionMask = 2147483647;
			files = (
				BCD7A8EE55736B5C5D36F58F /* SettingsView.swift in Sources */,
				987A5D36A3388CA2C11BC724 /* RootView.swift in Sources */,
				C490C516A3247FDEF998135F /* RuntimeContainer.swift in Sources */,
				6D6DC42AB4E9AD3AA42A97B5 /* RuntimeTurnExecutor.swift in Sources */,
				29239FC4E98B545314F2B98C /* PREXUSApp.swift in Sources */,
				B857AA53CCEBE52C22DEC539 /* AppEnvironment.swift in Sources */,
				33AF71A522A6B99D54AA139E /* AppConfig.swift in Sources */,
				C78CFCD551023526788CD26F /* MemoryLibraryViewModel.swift in Sources */,
				596F4EF62FCA5B8665B1B339 /* MemoryLibraryView.swift in Sources */,
				DFBA64E74921F206BE7F7447 /* ChatViewModel.swift in Sources */,
				6944EB6FB4BE430069B8E643 /* ChatView.swift in Sources */,
				571B35CCE7B6DAD192A3EB24 /* ChatMessage.swift in Sources */,
				266204BE8D22246217ED3578 /* AppSettingsStore.swift in Sources */,
				C1DAA10A2B2C33D237CA5884 /* APIKeyStore.swift in Sources */,
				E8C2416F20CDFDCD092B2AF6 /* PersistentMemoryStore.swift in Sources */,
				A9415E23D87E25D5B112765E /* LocalModelClient.swift in Sources */,
				3C9D707D66A80CFE88E892DC /* ProviderAdapter.swift in Sources */,
				39AB09F56408BA3D8538DC2D /* HTTPTransport.swift in Sources */,
				56262EFDA60216F4A1D45E58 /* CloudModelClient.swift in Sources */,
				D843B8460CE62707537385B1 /* PromptTemplate.swift in Sources */,
				790FD6AC76737FE5BC1BBDC1 /* EmbeddingProvider.swift in Sources */,
				4646F97640B7B687AE9959E9 /* EpisodicMemoryStore.swift in Sources */,
				556064EC7E3D0482B713FE03 /* MemoryRetrieval.swift in Sources */,
				47CF42F057B41B4F40237786 /* ContextCompressor.swift in Sources */,
				0BABAB7BAB3B5693ACEB7784 /* RankingEngine.swift in Sources */,
				C33291D702B8E4287E0AD042 /* RetrievalEngine.swift in Sources */,
				4C9C307326877C4189D4B230 /* DocumentIndexer.swift in Sources */,
				7759704231B58CCE53198EBB /* SensorSignalProvider.swift in Sources */,
				473AF0B8A81CC175B40C4084 /* OCRProcessor.swift in Sources */,
				83BE8A2024B7F546E0FB29E5 /* VisionAnalyzer.swift in Sources */,
				5B4E0636A9270457BAA1E203 /* AudioInputProcessor.swift in Sources */,
				B7AD804A5CB232CE4A8F3707 /* ExecutionPolicy.swift in Sources */,
				0199D1FCDEEA692FEB729612 /* IntentClassifier.swift in Sources */,
				E352FA6BD6A66FAB552629CD /* EscalationCoordinator.swift in Sources */,
				6C1F840719CC986F4C51F2E1 /* RouteDecision.swift in Sources */,
				EF0BF78F359BBDDEE372B31E /* RoutingEngine.swift in Sources */,
			);
			runOnlyForDeploymentPostprocessing = 0;
		};
		E6D1E88192BE641960CBD2C0 /* Sources */ = {
			isa = PBXSourcesBuildPhase;
			buildActionMask = 2147483647;
			files = (
				F6AF4F13FFD760948B205D29 /* PREXUSTests.swift in Sources */,
			);
			runOnlyForDeploymentPostprocessing = 0;
		};
/* End PBXSourcesBuildPhase section */

/* Begin PBXTargetDependency section */
		1723227611C3C810FBED0B20 /* PBXTargetDependency */ = {
			isa = PBXTargetDependency;
			name = PREXUS;
			target = A149DC6240D4C9B4253D0A09 /* PREXUS */;
			targetProxy = 5620D343068B10A0B3B6ED72 /* PBXContainerItemProxy */;
		};
/* End PBXTargetDependency section */

/* Begin XCBuildConfiguration section */
		A9FB5EA73B14448DD1BA14CC /* Debug */ = {
			isa = XCBuildConfiguration;
			buildSettings = {
				ASSETCATALOG_COMPILER_APPICON_NAME = "";
				ASSETCATALOG_COMPILER_GLOBAL_ACCENT_COLOR_NAME = AccentColor;
				CLANG_ENABLE_OBJC_WEAK = NO;
				CODE_SIGN_STYLE = Automatic;
				DEVELOPMENT_TEAM = "";
				GENERATE_INFOPLIST_FILE = NO;
				INFOPLIST_FILE = PREXUS/Resources/Info.plist;
				IPHONEOS_DEPLOYMENT_TARGET = 17.0;
				LD_RUNPATH_SEARCH_PATHS = "$(inherited) @executable_path/Frameworks";
				PRODUCT_BUNDLE_IDENTIFIER = com.prexus.ios;
				SDKROOT = iphoneos;
				SWIFT_EMIT_LOC_STRINGS = NO;
				SWIFT_VERSION = 5.0;
				TARGETED_DEVICE_FAMILY = 1;
			};
			name = Debug;
		};
		AB257F0C65AD9430AE0C0565 /* Release */ = {
			isa = XCBuildConfiguration;
			buildSettings = {
				ASSETCATALOG_COMPILER_APPICON_NAME = "";
				ASSETCATALOG_COMPILER_GLOBAL_ACCENT_COLOR_NAME = AccentColor;
				CLANG_ENABLE_OBJC_WEAK = NO;
				CODE_SIGN_STYLE = Automatic;
				DEVELOPMENT_TEAM = "";
				GENERATE_INFOPLIST_FILE = NO;
				INFOPLIST_FILE = PREXUS/Resources/Info.plist;
				IPHONEOS_DEPLOYMENT_TARGET = 17.0;
				LD_RUNPATH_SEARCH_PATHS = "$(inherited) @executable_path/Frameworks";
				PRODUCT_BUNDLE_IDENTIFIER = com.prexus.ios;
				SDKROOT = iphoneos;
				SWIFT_EMIT_LOC_STRINGS = NO;
				SWIFT_VERSION = 5.0;
				TARGETED_DEVICE_FAMILY = 1;
				VALIDATE_PRODUCT = YES;
			};
			name = Release;
		};
		AE38EAC117BECDB3A4D0DE73 /* Debug */ = {
			isa = XCBuildConfiguration;
			buildSettings = {
				BUNDLE_LOADER = "$(TEST_HOST)";
				CLANG_ENABLE_OBJC_WEAK = NO;
				GENERATE_INFOPLIST_FILE = YES;
				INFOPLIST_FILE = "";
				IPHONEOS_DEPLOYMENT_TARGET = 17.0;
				PRODUCT_BUNDLE_IDENTIFIER = com.prexus.ios.tests;
				SDKROOT = iphoneos;
				SWIFT_VERSION = 5.0;
				TARGETED_DEVICE_FAMILY = 1;
				TEST_HOST = "$(BUILT_PRODUCTS_DIR)/PREXUS.app/PREXUS";
			};
			name = Debug;
		};
		D134FAB5BF692C0B1C3AE345 /* Debug */ = {
			isa = XCBuildConfiguration;
			buildSettings = {
				ALWAYS_SEARCH_USER_PATHS = NO;
				CLANG_ANALYZER_NONNULL = YES;
				CLANG_ANALYZER_NUMBER_OBJECT_CONVERSION = YES_AGGRESSIVE;
				CLANG_CXX_LANGUAGE_STANDARD = "gnu++14";
				CLANG_CXX_LIBRARY = "libc++";
				CLANG_ENABLE_MODULES = YES;
				CLANG_ENABLE_OBJC_ARC = YES;
				CLANG_ENABLE_OBJC_WEAK = YES;
				CLANG_WARN_BLOCK_CAPTURE_AUTORELEASING = YES;
				CLANG_WARN_BOOL_CONVERSION = YES;
				CLANG_WARN_COMMA = YES;
				CLANG_WARN_CONSTANT_CONVERSION = YES;
				CLANG_WARN_DEPRECATED_OBJC_IMPLEMENTATIONS = YES;
				CLANG_WARN_DIRECT_OBJC_ISA_USAGE = YES_ERROR;
				CLANG_WARN_DOCUMENTATION_COMMENTS = YES;
				CLANG_WARN_EMPTY_BODY = YES;
				CLANG_WARN_ENUM_CONVERSION = YES;
				CLANG_WARN_INFINITE_RECURSION = YES;
				CLANG_WARN_INT_CONVERSION = YES;
				CLANG_WARN_NON_LITERAL_NULL_CONVERSION = YES;
				CLANG_WARN_OBJC_IMPLICIT_RETAIN_SELF = YES;
				CLANG_WARN_OBJC_LITERAL_CONVERSION = YES;
				CLANG_WARN_OBJC_ROOT_CLASS = YES_ERROR;
				CLANG_WARN_QUOTED_INCLUDE_IN_FRAMEWORK_HEADER = YES;
				CLANG_WARN_RANGE_LOOP_ANALYSIS = YES;
				CLANG_WARN_STRICT_PROTOTYPES = YES;
				CLANG_WARN_SUSPICIOUS_MOVE = YES;
				CLANG_WARN_UNGUARDED_AVAILABILITY = YES_AGGRESSIVE;
				CLANG_WARN_UNREACHABLE_CODE = YES;
				CLANG_WARN__DUPLICATE_METHOD_MATCH = YES;
				COPY_PHASE_STRIP = NO;
				DEBUG_INFORMATION_FORMAT = dwarf;
				ENABLE_STRICT_OBJC_MSGSEND = YES;
				ENABLE_TESTABILITY = YES;
				GCC_C_LANGUAGE_STANDARD = gnu11;
				GCC_DYNAMIC_NO_PIC = NO;
				GCC_NO_COMMON_BLOCKS = YES;
				GCC_OPTIMIZATION_LEVEL = 0;
				GCC_PREPROCESSOR_DEFINITIONS = (
					"DEBUG=1",
					"$(inherited)",
				);
				GCC_WARN_64_TO_32_BIT_CONVERSION = YES;
				GCC_WARN_ABOUT_RETURN_TYPE = YES_ERROR;
				GCC_WARN_UNDECLARED_SELECTOR = YES;
				GCC_WARN_UNINITIALIZED_AUTOS = YES_AGGRESSIVE;
				GCC_WARN_UNUSED_FUNCTION = YES;
				GCC_WARN_UNUSED_VARIABLE = YES;
				MTL_ENABLE_DEBUG_INFO = INCLUDE_SOURCE;
				MTL_FAST_MATH = YES;
				ONLY_ACTIVE_ARCH = YES;
				PRODUCT_NAME = "$(TARGET_NAME)";
				SWIFT_ACTIVE_COMPILATION_CONDITIONS = DEBUG;
				SWIFT_OPTIMIZATION_LEVEL = "-Onone";
				SWIFT_VERSION = 5.0;
			};
			name = Debug;
		};
		E70888CBB9277F5E5C58B567 /* Release */ = {
			isa = XCBuildConfiguration;
			buildSettings = {
				ALWAYS_SEARCH_USER_PATHS = NO;
				CLANG_ANALYZER_NONNULL = YES;
				CLANG_ANALYZER_NUMBER_OBJECT_CONVERSION = YES_AGGRESSIVE;
				CLANG_CXX_LANGUAGE_STANDARD = "gnu++14";
				CLANG_CXX_LIBRARY = "libc++";
				CLANG_ENABLE_MODULES = YES;
				CLANG_ENABLE_OBJC_ARC = YES;
				CLANG_ENABLE_OBJC_WEAK = YES;
				CLANG_WARN_BLOCK_CAPTURE_AUTORELEASING = YES;
				CLANG_WARN_BOOL_CONVERSION = YES;
				CLANG_WARN_COMMA = YES;
				CLANG_WARN_CONSTANT_CONVERSION = YES;
				CLANG_WARN_DEPRECATED_OBJC_IMPLEMENTATIONS = YES;
				CLANG_WARN_DIRECT_OBJC_ISA_USAGE = YES_ERROR;
				CLANG_WARN_DOCUMENTATION_COMMENTS = YES;
				CLANG_WARN_EMPTY_BODY = YES;
				CLANG_WARN_ENUM_CONVERSION = YES;
				CLANG_WARN_INFINITE_RECURSION = YES;
				CLANG_WARN_INT_CONVERSION = YES;
				CLANG_WARN_NON_LITERAL_NULL_CONVERSION = YES;
				CLANG_WARN_OBJC_IMPLICIT_RETAIN_SELF = YES;
				CLANG_WARN_OBJC_LITERAL_CONVERSION = YES;
				CLANG_WARN_OBJC_ROOT_CLASS = YES_ERROR;
				CLANG_WARN_QUOTED_INCLUDE_IN_FRAMEWORK_HEADER = YES;
				CLANG_WARN_RANGE_LOOP_ANALYSIS = YES;
				CLANG_WARN_STRICT_PROTOTYPES = YES;
				CLANG_WARN_SUSPICIOUS_MOVE = YES;
				CLANG_WARN_UNGUARDED_AVAILABILITY = YES_AGGRESSIVE;
				CLANG_WARN_UNREACHABLE_CODE = YES;
				CLANG_WARN__DUPLICATE_METHOD_MATCH = YES;
				COPY_PHASE_STRIP = NO;
				DEBUG_INFORMATION_FORMAT = "dwarf-with-dsym";
				ENABLE_NS_ASSERTIONS = NO;
				ENABLE_STRICT_OBJC_MSGSEND = YES;
				GCC_C_LANGUAGE_STANDARD = gnu11;
				GCC_NO_COMMON_BLOCKS = YES;
				GCC_WARN_64_TO_32_BIT_CONVERSION = YES;
				GCC_WARN_ABOUT_RETURN_TYPE = YES_ERROR;
				GCC_WARN_UNDECLARED_SELECTOR = YES;
				GCC_WARN_UNINITIALIZED_AUTOS = YES_AGGRESSIVE;
				GCC_WARN_UNUSED_FUNCTION = YES;
				GCC_WARN_UNUSED_VARIABLE = YES;
				MTL_ENABLE_DEBUG_INFO = NO;
				MTL_FAST_MATH = YES;
				PRODUCT_NAME = "$(TARGET_NAME)";
				SWIFT_COMPILATION_MODE = wholemodule;
				SWIFT_OPTIMIZATION_LEVEL = "-O";
				SWIFT_VERSION = 5.0;
			};
			name = Release;
		};
		EF857AED70187EB49961528D /* Release */ = {
			isa = XCBuildConfiguration;
			buildSettings = {
				BUNDLE_LOADER = "$(TEST_HOST)";
				CLANG_ENABLE_OBJC_WEAK = NO;
				GENERATE_INFOPLIST_FILE = YES;
				INFOPLIST_FILE = "";
				IPHONEOS_DEPLOYMENT_TARGET = 17.0;
				PRODUCT_BUNDLE_IDENTIFIER = com.prexus.ios.tests;
				SDKROOT = iphoneos;
				SWIFT_VERSION = 5.0;
				TARGETED_DEVICE_FAMILY = 1;
				TEST_HOST = "$(BUILT_PRODUCTS_DIR)/PREXUS.app/PREXUS";
				VALIDATE_PRODUCT = YES;
			};
			name = Release;
		};
/* End XCBuildConfiguration section */

/* Begin XCConfigurationList section */
		3D3AF24A79B31087E441661B /* Build configuration list for PBXNativeTarget "PREXUS" */ = {
			isa = XCConfigurationList;
			buildConfigurations = (
				AB257F0C65AD9430AE0C0565 /* Release */,
				A9FB5EA73B14448DD1BA14CC /* Debug */,
			);
			defaultConfigurationIsVisible = 0;
			defaultConfigurationName = Release;
		};
		7EABEE589C10C3D0E17B7E39 /* Build configuration list for PBXProject "PREXUS" */ = {
			isa = XCConfigurationList;
			buildConfigurations = (
				D134FAB5BF692C0B1C3AE345 /* Debug */,
				E70888CBB9277F5E5C58B567 /* Release */,
			);
			defaultConfigurationIsVisible = 0;
			defaultConfigurationName = Release;
		};
		92223BA7E9E0BE36488CEEAD /* Build configuration list for PBXNativeTarget "PREXUSTests" */ = {
			isa = XCConfigurationList;
			buildConfigurations = (
				EF857AED70187EB49961528D /* Release */,
				AE38EAC117BECDB3A4D0DE73 /* Debug */,
			);
			defaultConfigurationIsVisible = 0;
			defaultConfigurationName = Release;
		};
/* End XCConfigurationList section */
	};
	rootObject = A7055A25EAB2BA6061DBFA85 /* Project object */;
}
